{
  "name": "cucumber-tsflow-specs",
  "version": "3.4.1",
  "lockfileVersion": 2,
  "requires": true,
  "packages": {
    "": {
      "name": "cucumber-tsflow-specs",
      "version": "3.4.1",
      "license": "MIT",
      "dependencies": {
        "@cucumber/query": "^12.0.1",
        "cucumber-tsflow": "^4.0.0",
        "fs-extra": "^11.1.0",
        "verror": "^1.10.1"
      },
      "devDependencies": {
        "@types/fs-extra": "^11.0.1",
        "@types/verror": "^1.10.6"
      }
    },
    "../cucumber-tsflow": {
      "version": "4.0.0",
      "license": "MIT",
      "dependencies": {
        "callsites": "^3.1.0",
        "log4js": "^6.3.0",
        "source-map-support": "^0.5.19",
        "underscore": "^1.8.3"
      },
      "peerDependencies": {
        "@cucumber/cucumber": "^7 || ^8 || ^9"
      }
    },
    "../cucumber-tsflow/node_modules/buffer-from": {
      "version": "1.1.2",
      "license": "MIT"
    },
    "../cucumber-tsflow/node_modules/callsites": {
      "version": "3.1.0",
      "license": "MIT",
      "engines": {
        "node": ">=6"
      }
    },
    "../cucumber-tsflow/node_modules/date-format": {
      "version": "4.0.14",
      "license": "MIT",
      "engines": {
        "node": ">=4.0"
      }
    },
    "../cucumber-tsflow/node_modules/debug": {
      "version": "4.3.4",
      "license": "MIT",
      "dependencies": {
        "ms": "2.1.2"
      },
      "engines": {
        "node": ">=6.0"
      },
      "peerDependenciesMeta": {
        "supports-color": {
          "optional": true
        }
      }
    },
    "../cucumber-tsflow/node_modules/flatted": {
      "version": "3.2.7",
      "license": "ISC"
    },
    "../cucumber-tsflow/node_modules/fs-extra": {
      "version": "8.1.0",
      "license": "MIT",
      "dependencies": {
        "graceful-fs": "^4.2.0",
        "jsonfile": "^4.0.0",
        "universalify": "^0.1.0"
      },
      "engines": {
        "node": ">=6 <7 || >=8"
      }
    },
    "../cucumber-tsflow/node_modules/graceful-fs": {
      "version": "4.2.10",
      "license": "ISC"
    },
    "../cucumber-tsflow/node_modules/jsonfile": {
      "version": "4.0.0",
      "license": "MIT",
      "optionalDependencies": {
        "graceful-fs": "^4.1.6"
      }
    },
    "../cucumber-tsflow/node_modules/log4js": {
      "version": "6.7.0",
      "license": "Apache-2.0",
      "dependencies": {
        "date-format": "^4.0.14",
        "debug": "^4.3.4",
        "flatted": "^3.2.7",
        "rfdc": "^1.3.0",
        "streamroller": "^3.1.3"
      },
      "engines": {
        "node": ">=8.0"
      }
    },
    "../cucumber-tsflow/node_modules/ms": {
      "version": "2.1.2",
      "license": "MIT"
    },
    "../cucumber-tsflow/node_modules/rfdc": {
      "version": "1.3.0",
      "license": "MIT"
    },
    "../cucumber-tsflow/node_modules/source-map": {
      "version": "0.6.1",
      "license": "BSD-3-Clause",
      "engines": {
        "node": ">=0.10.0"
      }
    },
    "../cucumber-tsflow/node_modules/source-map-support": {
      "version": "0.5.21",
      "license": "MIT",
      "dependencies": {
        "buffer-from": "^1.0.0",
        "source-map": "^0.6.0"
      }
    },
    "../cucumber-tsflow/node_modules/streamroller": {
      "version": "3.1.3",
      "license": "MIT",
      "dependencies": {
        "date-format": "^4.0.14",
        "debug": "^4.3.4",
        "fs-extra": "^8.1.0"
      },
      "engines": {
        "node": ">=8.0"
      }
    },
    "../cucumber-tsflow/node_modules/underscore": {
      "version": "1.13.6",
      "license": "MIT"
    },
    "../cucumber-tsflow/node_modules/universalify": {
      "version": "0.1.2",
      "license": "MIT",
      "engines": {
        "node": ">= 4.0.0"
      }
    },
    "node_modules/@cucumber/messages": {
      "version": "19.1.4",
      "resolved": "https://registry.npmjs.org/@cucumber/messages/-/messages-19.1.4.tgz",
      "integrity": "sha512-Pksl0pnDz2l1+L5Ug85NlG6LWrrklN9qkMxN5Mv+1XZ3T6u580dnE6mVaxjJRdcOq4tR17Pc0RqIDZMyVY1FlA==",
      "dependencies": {
        "@types/uuid": "8.3.4",
        "class-transformer": "0.5.1",
        "reflect-metadata": "0.1.13",
        "uuid": "9.0.0"
      }
    },
    "node_modules/@cucumber/query": {
      "version": "12.0.1",
      "resolved": "https://registry.npmjs.org/@cucumber/query/-/query-12.0.1.tgz",
      "integrity": "sha512-Dk6RGtzFRjylzp6N5jJOylIPxGr0pBr6KtHGTf/74RDFpx2FXpZJSPbEuXkLxtTUBiubVDfouH/oXbiZ17kTrQ==",
      "dependencies": {
        "@cucumber/messages": "^19.1.4",
        "@teppeis/multimaps": "2.0.0"
      }
    },
    "node_modules/@teppeis/multimaps": {
      "version": "2.0.0",
      "resolved": "https://registry.npmjs.org/@teppeis/multimaps/-/multimaps-2.0.0.tgz",
      "integrity": "sha512-TL1adzq1HdxUf9WYduLcQ/DNGYiz71U31QRgbnr0Ef1cPyOUOsBojxHVWpFeOSUucB6Lrs0LxFRA14ntgtkc9w==",
      "engines": {
        "node": ">=10.17"
      }
    },
    "node_modules/@types/fs-extra": {
      "version": "11.0.1",
      "resolved": "https://registry.npmjs.org/@types/fs-extra/-/fs-extra-11.0.1.tgz",
      "integrity": "sha512-MxObHvNl4A69ofaTRU8DFqvgzzv8s9yRtaPPm5gud9HDNvpB3GPQFvNuTWAI59B9huVGV5jXYJwbCsmBsOGYWA==",
      "dev": true,
      "dependencies": {
        "@types/jsonfile": "*",
        "@types/node": "*"
      }
    },
    "node_modules/@types/jsonfile": {
      "version": "6.1.1",
      "resolved": "https://registry.npmjs.org/@types/jsonfile/-/jsonfile-6.1.1.tgz",
      "integrity": "sha512-GSgiRCVeapDN+3pqA35IkQwasaCh/0YFH5dEF6S88iDvEn901DjOeH3/QPY+XYP1DFzDZPvIvfeEgk+7br5png==",
      "dev": true,
      "dependencies": {
        "@types/node": "*"
      }
    },
    "node_modules/@types/node": {
      "version": "18.11.18",
      "resolved": "https://registry.npmjs.org/@types/node/-/node-18.11.18.tgz",
      "integrity": "sha512-DHQpWGjyQKSHj3ebjFI/wRKcqQcdR+MoFBygntYOZytCqNfkd2ZC4ARDJ2DQqhjH5p85Nnd3jhUJIXrszFX/JA==",
      "dev": true
    },
    "node_modules/@types/uuid": {
      "version": "8.3.4",
      "resolved": "https://registry.npmjs.org/@types/uuid/-/uuid-8.3.4.tgz",
      "integrity": "sha512-c/I8ZRb51j+pYGAu5CrFMRxqZ2ke4y2grEBO5AUjgSkSk+qT2Ea+OdWElz/OiMf5MNpn2b17kuVBwZLQJXzihw=="
    },
    "node_modules/@types/verror": {
      "version": "1.10.6",
      "resolved": "https://registry.npmjs.org/@types/verror/-/verror-1.10.6.tgz",
      "integrity": "sha512-NNm+gdePAX1VGvPcGZCDKQZKYSiAWigKhKaz5KF94hG6f2s8de9Ow5+7AbXoeKxL8gavZfk4UquSAygOF2duEQ==",
      "dev": true
    },
    "node_modules/assert-plus": {
      "version": "1.0.0",
      "resolved": "https://registry.npmjs.org/assert-plus/-/assert-plus-1.0.0.tgz",
      "integrity": "sha512-NfJ4UzBCcQGLDlQq7nHxH+tv3kyZ0hHQqF5BO6J7tNJeP5do1llPr8dZ8zHonfhAu0PHAdMkSo+8o0wxg9lZWw==",
      "engines": {
        "node": ">=0.8"
      }
    },
    "node_modules/class-transformer": {
      "version": "0.5.1",
      "resolved": "https://registry.npmjs.org/class-transformer/-/class-transformer-0.5.1.tgz",
      "integrity": "sha512-SQa1Ws6hUbfC98vKGxZH3KFY0Y1lm5Zm0SY8XX9zbK7FJCyVEac3ATW0RIpwzW+oOfmHE5PMPufDG9hCfoEOMw=="
    },
    "node_modules/core-util-is": {
      "version": "1.0.2",
      "resolved": "https://registry.npmjs.org/core-util-is/-/core-util-is-1.0.2.tgz",
      "integrity": "sha512-3lqz5YjWTYnW6dlDa5TLaTCcShfar1e40rmcJVwCBJC6mWlFuj0eCHIElmG1g5kyuJ/GD+8Wn4FFCcz4gJPfaQ=="
    },
    "node_modules/cucumber-tsflow": {
      "resolved": "../cucumber-tsflow",
      "link": true
    },
    "node_modules/extsprintf": {
      "version": "1.4.1",
      "resolved": "https://registry.npmjs.org/extsprintf/-/extsprintf-1.4.1.tgz",
      "integrity": "sha512-Wrk35e8ydCKDj/ArClo1VrPVmN8zph5V4AtHwIuHhvMXsKf73UT3BOD+azBIW+3wOJ4FhEH7zyaJCFvChjYvMA==",
      "engines": [
        "node >=0.6.0"
      ]
    },
    "node_modules/fs-extra": {
      "version": "11.1.0",
      "resolved": "https://registry.npmjs.org/fs-extra/-/fs-extra-11.1.0.tgz",
      "integrity": "sha512-0rcTq621PD5jM/e0a3EJoGC/1TC5ZBCERW82LQuwfGnCa1V8w7dpYH1yNu+SLb6E5dkeCBzKEyLGlFrnr+dUyw==",
      "dependencies": {
        "graceful-fs": "^4.2.0",
        "jsonfile": "^6.0.1",
        "universalify": "^2.0.0"
      },
      "engines": {
        "node": ">=14.14"
      }
    },
    "node_modules/graceful-fs": {
      "version": "4.2.10",
      "resolved": "https://registry.npmjs.org/graceful-fs/-/graceful-fs-4.2.10.tgz",
      "integrity": "sha512-9ByhssR2fPVsNZj478qUUbKfmL0+t5BDVyjShtyZZLiK7ZDAArFFfopyOTj0M05wE2tJPisA4iTnnXl2YoPvOA=="
    },
    "node_modules/jsonfile": {
      "version": "6.1.0",
      "resolved": "https://registry.npmjs.org/jsonfile/-/jsonfile-6.1.0.tgz",
      "integrity": "sha512-5dgndWOriYSm5cnYaJNhalLNDKOqFwyDB/rr1E9ZsGciGvKPs8R2xYGCacuf3z6K1YKDz182fd+fY3cn3pMqXQ==",
      "dependencies": {
        "universalify": "^2.0.0"
      },
      "optionalDependencies": {
        "graceful-fs": "^4.1.6"
      }
    },
    "node_modules/reflect-metadata": {
      "version": "0.1.13",
      "resolved": "https://registry.npmjs.org/reflect-metadata/-/reflect-metadata-0.1.13.tgz",
      "integrity": "sha512-Ts1Y/anZELhSsjMcU605fU9RE4Oi3p5ORujwbIKXfWa+0Zxs510Qrmrce5/Jowq3cHSZSJqBjypxmHarc+vEWg=="
    },
    "node_modules/universalify": {
      "version": "2.0.0",
      "resolved": "https://registry.npmjs.org/universalify/-/universalify-2.0.0.tgz",
      "integrity": "sha512-hAZsKq7Yy11Zu1DE0OzWjw7nnLZmJZYTDZZyEFHZdUhV8FkH5MCfoU1XMaxXovpyW5nq5scPqq0ZDP9Zyl04oQ==",
      "engines": {
        "node": ">= 10.0.0"
      }
    },
    "node_modules/uuid": {
      "version": "9.0.0",
      "resolved": "https://registry.npmjs.org/uuid/-/uuid-9.0.0.tgz",
      "integrity": "sha512-MXcSTerfPa4uqyzStbRoTgt5XIe3x5+42+q1sDuy3R5MDk66URdLMOZe5aPX/SQd+kuYAh0FdP/pO28IkQyTeg==",
      "bin": {
        "uuid": "dist/bin/uuid"
      }
    },
    "node_modules/verror": {
      "version": "1.10.1",
      "resolved": "https://registry.npmjs.org/verror/-/verror-1.10.1.tgz",
      "integrity": "sha512-veufcmxri4e3XSrT0xwfUR7kguIkaxBeosDg00yDWhk49wdwkSUrvvsm7nc75e1PUyvIeZj6nS8VQRYz2/S4Xg==",
      "dependencies": {
        "assert-plus": "^1.0.0",
        "core-util-is": "1.0.2",
        "extsprintf": "^1.2.0"
      },
      "engines": {
        "node": ">=0.6.0"
      }
    }
  },
  "dependencies": {
    "@cucumber/messages": {
      "version": "19.1.4",
      "resolved": "https://registry.npmjs.org/@cucumber/messages/-/messages-19.1.4.tgz",
      "integrity": "sha512-Pksl0pnDz2l1+L5Ug85NlG6LWrrklN9qkMxN5Mv+1XZ3T6u580dnE6mVaxjJRdcOq4tR17Pc0RqIDZMyVY1FlA==",
      "requires": {
        "@types/uuid": "8.3.4",
        "class-transformer": "0.5.1",
        "reflect-metadata": "0.1.13",
        "uuid": "9.0.0"
      }
    },
    "@cucumber/query": {
      "version": "12.0.1",
      "resolved": "https://registry.npmjs.org/@cucumber/query/-/query-12.0.1.tgz",
      "integrity": "sha512-Dk6RGtzFRjylzp6N5jJOylIPxGr0pBr6KtHGTf/74RDFpx2FXpZJSPbEuXkLxtTUBiubVDfouH/oXbiZ17kTrQ==",
      "requires": {
        "@cucumber/messages": "^19.1.4",
        "@teppeis/multimaps": "2.0.0"
      }
    },
    "@teppeis/multimaps": {
      "version": "2.0.0",
      "resolved": "https://registry.npmjs.org/@teppeis/multimaps/-/multimaps-2.0.0.tgz",
      "integrity": "sha512-TL1adzq1HdxUf9WYduLcQ/DNGYiz71U31QRgbnr0Ef1cPyOUOsBojxHVWpFeOSUucB6Lrs0LxFRA14ntgtkc9w=="
    },
    "@types/fs-extra": {
      "version": "11.0.1",
      "resolved": "https://registry.npmjs.org/@types/fs-extra/-/fs-extra-11.0.1.tgz",
      "integrity": "sha512-MxObHvNl4A69ofaTRU8DFqvgzzv8s9yRtaPPm5gud9HDNvpB3GPQFvNuTWAI59B9huVGV5jXYJwbCsmBsOGYWA==",
      "dev": true,
      "requires": {
        "@types/jsonfile": "*",
        "@types/node": "*"
      }
    },
    "@types/jsonfile": {
      "version": "6.1.1",
      "resolved": "https://registry.npmjs.org/@types/jsonfile/-/jsonfile-6.1.1.tgz",
      "integrity": "sha512-GSgiRCVeapDN+3pqA35IkQwasaCh/0YFH5dEF6S88iDvEn901DjOeH3/QPY+XYP1DFzDZPvIvfeEgk+7br5png==",
      "dev": true,
      "requires": {
        "@types/node": "*"
      }
    },
    "@types/node": {
      "version": "18.11.18",
      "resolved": "https://registry.npmjs.org/@types/node/-/node-18.11.18.tgz",
      "integrity": "sha512-DHQpWGjyQKSHj3ebjFI/wRKcqQcdR+MoFBygntYOZytCqNfkd2ZC4ARDJ2DQqhjH5p85Nnd3jhUJIXrszFX/JA==",
      "dev": true
    },
    "@types/uuid": {
      "version": "8.3.4",
      "resolved": "https://registry.npmjs.org/@types/uuid/-/uuid-8.3.4.tgz",
      "integrity": "sha512-c/I8ZRb51j+pYGAu5CrFMRxqZ2ke4y2grEBO5AUjgSkSk+qT2Ea+OdWElz/OiMf5MNpn2b17kuVBwZLQJXzihw=="
    },
    "@types/verror": {
      "version": "1.10.6",
      "resolved": "https://registry.npmjs.org/@types/verror/-/verror-1.10.6.tgz",
      "integrity": "sha512-NNm+gdePAX1VGvPcGZCDKQZKYSiAWigKhKaz5KF94hG6f2s8de9Ow5+7AbXoeKxL8gavZfk4UquSAygOF2duEQ==",
      "dev": true
    },
    "assert-plus": {
      "version": "1.0.0",
      "resolved": "https://registry.npmjs.org/assert-plus/-/assert-plus-1.0.0.tgz",
      "integrity": "sha512-NfJ4UzBCcQGLDlQq7nHxH+tv3kyZ0hHQqF5BO6J7tNJeP5do1llPr8dZ8zHonfhAu0PHAdMkSo+8o0wxg9lZWw=="
    },
    "class-transformer": {
      "version": "0.5.1",
      "resolved": "https://registry.npmjs.org/class-transformer/-/class-transformer-0.5.1.tgz",
      "integrity": "sha512-SQa1Ws6hUbfC98vKGxZH3KFY0Y1lm5Zm0SY8XX9zbK7FJCyVEac3ATW0RIpwzW+oOfmHE5PMPufDG9hCfoEOMw=="
    },
    "core-util-is": {
      "version": "1.0.2",
      "resolved": "https://registry.npmjs.org/core-util-is/-/core-util-is-1.0.2.tgz",
      "integrity": "sha512-3lqz5YjWTYnW6dlDa5TLaTCcShfar1e40rmcJVwCBJC6mWlFuj0eCHIElmG1g5kyuJ/GD+8Wn4FFCcz4gJPfaQ=="
    },
    "cucumber-tsflow": {
      "version": "file:../cucumber-tsflow",
      "requires": {
        "callsites": "^3.1.0",
        "log4js": "^6.3.0",
        "source-map-support": "^0.5.19",
        "underscore": "^1.8.3"
      },
      "dependencies": {
        "buffer-from": {
          "version": "1.1.2"
        },
        "callsites": {
          "version": "3.1.0"
        },
        "date-format": {
          "version": "4.0.14"
        },
        "debug": {
          "version": "4.3.4",
          "requires": {
            "ms": "2.1.2"
          }
        },
        "flatted": {
          "version": "3.2.7"
        },
        "fs-extra": {
          "version": "8.1.0",
          "requires": {
            "graceful-fs": "^4.2.0",
            "jsonfile": "^4.0.0",
            "universalify": "^0.1.0"
          }
        },
        "graceful-fs": {
          "version": "4.2.10"
        },
        "jsonfile": {
          "version": "4.0.0",
          "requires": {
            "graceful-fs": "^4.1.6"
          }
        },
        "log4js": {
          "version": "6.7.0",
          "requires": {
            "date-format": "^4.0.14",
            "debug": "^4.3.4",
            "flatted": "^3.2.7",
            "rfdc": "^1.3.0",
            "streamroller": "^3.1.3"
          }
        },
        "ms": {
          "version": "2.1.2"
        },
        "rfdc": {
          "version": "1.3.0"
        },
        "source-map": {
          "version": "0.6.1"
        },
        "source-map-support": {
          "version": "0.5.21",
          "requires": {
            "buffer-from": "^1.0.0",
            "source-map": "^0.6.0"
          }
        },
        "streamroller": {
          "version": "3.1.3",
          "requires": {
            "date-format": "^4.0.14",
            "debug": "^4.3.4",
            "fs-extra": "^8.1.0"
          }
        },
        "underscore": {
          "version": "1.13.6"
        },
        "universalify": {
          "version": "0.1.2"
        }
      }
    },
    "extsprintf": {
      "version": "1.4.1",
      "resolved": "https://registry.npmjs.org/extsprintf/-/extsprintf-1.4.1.tgz",
      "integrity": "sha512-Wrk35e8ydCKDj/ArClo1VrPVmN8zph5V4AtHwIuHhvMXsKf73UT3BOD+azBIW+3wOJ4FhEH7zyaJCFvChjYvMA=="
    },
    "fs-extra": {
      "version": "11.1.0",
      "resolved": "https://registry.npmjs.org/fs-extra/-/fs-extra-11.1.0.tgz",
      "integrity": "sha512-0rcTq621PD5jM/e0a3EJoGC/1TC5ZBCERW82LQuwfGnCa1V8w7dpYH1yNu+SLb6E5dkeCBzKEyLGlFrnr+dUyw==",
      "requires": {
        "graceful-fs": "^4.2.0",
        "jsonfile": "^6.0.1",
        "universalify": "^2.0.0"
      }
    },
    "graceful-fs": {
      "version": "4.2.10",
      "resolved": "https://registry.npmjs.org/graceful-fs/-/graceful-fs-4.2.10.tgz",
      "integrity": "sha512-9ByhssR2fPVsNZj478qUUbKfmL0+t5BDVyjShtyZZLiK7ZDAArFFfopyOTj0M05wE2tJPisA4iTnnXl2YoPvOA=="
    },
    "jsonfile": {
      "version": "6.1.0",
      "resolved": "https://registry.npmjs.org/jsonfile/-/jsonfile-6.1.0.tgz",
      "integrity": "sha512-5dgndWOriYSm5cnYaJNhalLNDKOqFwyDB/rr1E9ZsGciGvKPs8R2xYGCacuf3z6K1YKDz182fd+fY3cn3pMqXQ==",
      "requires": {
        "graceful-fs": "^4.1.6",
        "universalify": "^2.0.0"
      }
    },
    "reflect-metadata": {
      "version": "0.1.13",
      "resolved": "https://registry.npmjs.org/reflect-metadata/-/reflect-metadata-0.1.13.tgz",
      "integrity": "sha512-Ts1Y/anZELhSsjMcU605fU9RE4Oi3p5ORujwbIKXfWa+0Zxs510Qrmrce5/Jowq3cHSZSJqBjypxmHarc+vEWg=="
    },
    "universalify": {
      "version": "2.0.0",
      "resolved": "https://registry.npmjs.org/universalify/-/universalify-2.0.0.tgz",
      "integrity": "sha512-hAZsKq7Yy11Zu1DE0OzWjw7nnLZmJZYTDZZyEFHZdUhV8FkH5MCfoU1XMaxXovpyW5nq5scPqq0ZDP9Zyl04oQ=="
    },
    "uuid": {
      "version": "9.0.0",
      "resolved": "https://registry.npmjs.org/uuid/-/uuid-9.0.0.tgz",
      "integrity": "sha512-MXcSTerfPa4uqyzStbRoTgt5XIe3x5+42+q1sDuy3R5MDk66URdLMOZe5aPX/SQd+kuYAh0FdP/pO28IkQyTeg=="
    },
    "verror": {
      "version": "1.10.1",
      "resolved": "https://registry.npmjs.org/verror/-/verror-1.10.1.tgz",
      "integrity": "sha512-veufcmxri4e3XSrT0xwfUR7kguIkaxBeosDg00yDWhk49wdwkSUrvvsm7nc75e1PUyvIeZj6nS8VQRYz2/S4Xg==",
      "requires": {
        "assert-plus": "^1.0.0",
        "core-util-is": "1.0.2",
        "extsprintf": "^1.2.0"
      }
    }
  }
}
