{
  "name": "cucumber-tsflow-specs",
  "version": "5.0.0",
  "lockfileVersion": 3,
  "requires": true,
  "packages": {
    "": {
      "name": "cucumber-tsflow-specs",
      "version": "5.0.0",
      "license": "MIT",
      "dependencies": {
        "cucumber-tsflow": "file:../cucumber-tsflow",
        "expect": "^30.2.0",
        "fs-extra": "^11.3.3",
        "verror": "^1.10.1"
      },
      "devDependencies": {
        "@types/fs-extra": "^11.0.4",
        "@types/verror": "^1.10.11"
      }
    },
    "../cucumber-tsflow": {
      "version": "5.0.0",
      "license": "MIT",
      "dependencies": {
        "log4js": "^6.9.1",
        "source-map-support": "^0.5.21",
        "underscore": "^1.13.8"
      },
      "peerDependencies": {
        "@cucumber/cucumber": "^10 || ^11 || ^12"
      }
    },
    "../cucumber-tsflow/node_modules/@cucumber": {
      "peer": true
    },
    "../cucumber-tsflow/node_modules/@cucumber/ci-environment": {
      "version": "13.0.0",
      "extraneous": true,
      "license": "MIT",
      "devDependencies": {
        "@eslint/compat": "^2.0.0",
        "@eslint/eslintrc": "^3.3.0",
        "@eslint/js": "^9.21.0",
        "@types/glob": "9.0.0",
        "@types/mocha": "10.0.10",
        "@types/node": "22.19.7",
        "@typescript-eslint/eslint-plugin": "^8.43.0",
        "@typescript-eslint/parser": "^8.43.0",
        "eslint": "^9.21.0",
        "eslint-plugin-import": "^2.31.0",
        "eslint-plugin-n": "^17.15.1",
        "eslint-plugin-simple-import-sort": "^12.1.1",
        "glob": "^13.0.0",
        "globals": "^17.0.0",
        "mocha": "11.7.5",
        "prettier": "^3.5.2",
        "shx": "0.4.0",
        "ts-node": "10.9.2",
        "typescript": "5.9.3"
      }
    },
    "../cucumber-tsflow/node_modules/@cucumber/cucumber": {
      "resolved": "../cucumber-tsflow/node_modules/@cucumber",
      "link": true
    },
    "../cucumber-tsflow/node_modules/@cucumber/cucumber-expressions": {
      "version": "19.0.0",
      "extraneous": true,
      "license": "MIT",
      "dependencies": {
        "regexp-match-indices": "1.0.2"
      },
      "devDependencies": {
        "@eslint/compat": "^2.0.0",
        "@eslint/eslintrc": "^3.3.0",
        "@eslint/js": "^9.21.0",
        "@stryker-mutator/core": "9.4.0",
        "@stryker-mutator/mocha-runner": "9.4.0",
        "@types/glob": "9.0.0",
        "@types/js-yaml": "4.0.9",
        "@types/mocha": "10.0.10",
        "@types/node": "22.19.7",
        "@typescript-eslint/eslint-plugin": "^8.43.0",
        "@typescript-eslint/parser": "^8.43.0",
        "cross-env": "10.1.0",
        "esbuild": "0.27.2",
        "eslint": "^9.21.0",
        "eslint-plugin-import": "^2.31.0",
        "eslint-plugin-n": "^17.15.1",
        "eslint-plugin-simple-import-sort": "^12.1.1",
        "glob": "13.0.0",
        "globals": "^17.0.0",
        "js-yaml": "4.1.1",
        "mocha": "11.7.5",
        "prettier": "^3.5.2",
        "pretty-quick": "4.2.2",
        "ts-node": "10.9.2",
        "typescript": "5.9.3"
      }
    },
    "../cucumber-tsflow/node_modules/@cucumber/gherkin": {
      "version": "38.0.0",
      "extraneous": true,
      "license": "MIT",
      "dependencies": {
        "@cucumber/messages": ">=31.0.0 <33"
      },
      "devDependencies": {
        "@types/mocha": "10.0.10",
        "@types/node": "22.19.7",
        "commander": "^14.0.0",
        "core-js": "3.48.0",
        "mocha": "11.7.5",
        "ts-node": "10.9.2",
        "typescript": "5.9.3"
      }
    },
    "../cucumber-tsflow/node_modules/@cucumber/gherkin-streams": {
      "version": "6.0.0",
      "extraneous": true,
      "license": "MIT",
      "dependencies": {
        "commander": "14.0.0",
        "source-map-support": "0.5.21"
      },
      "bin": {
        "gherkin-javascript": "bin/gherkin"
      },
      "devDependencies": {
        "@cucumber/gherkin": "^34.0.0",
        "@cucumber/message-streams": "^4.0.1",
        "@cucumber/messages": "^29.0.0",
        "@eslint/compat": "^1.2.7",
        "@eslint/eslintrc": "^3.3.0",
        "@eslint/js": "^9.21.0",
        "@types/mocha": "10.0.10",
        "@types/node": "22.18.1",
        "@typescript-eslint/eslint-plugin": "^8.43.0",
        "@typescript-eslint/parser": "^8.43.0",
        "eslint": "^9.21.0",
        "eslint-plugin-import": "^2.31.0",
        "eslint-plugin-n": "^17.15.1",
        "eslint-plugin-simple-import-sort": "^12.1.1",
        "globals": "^16.0.0",
        "mocha": "11.7.2",
        "nyc": "17.1.0",
        "prettier": "^3.5.2",
        "ts-node": "^10.7.0",
        "typescript": "5.9.2"
      },
      "peerDependencies": {
        "@cucumber/gherkin": ">=22.0.0",
        "@cucumber/message-streams": ">=4.0.0",
        "@cucumber/messages": ">=17.1.1"
      }
    },
    "../cucumber-tsflow/node_modules/@cucumber/gherkin-utils": {
      "version": "11.0.0",
      "extraneous": true,
      "license": "MIT",
      "dependencies": {
        "@cucumber/gherkin": "^38.0.0",
        "@cucumber/messages": "^32.0.0",
        "@teppeis/multimaps": "3.0.0",
        "commander": "14.0.2",
        "source-map-support": "^0.5.21"
      },
      "bin": {
        "gherkin-utils": "bin/gherkin-utils"
      },
      "devDependencies": {
        "@cucumber/compatibility-kit": "^27.0.0",
        "@cucumber/gherkin-streams": "^6.0.0",
        "@cucumber/message-streams": "^4.0.1",
        "@eslint/compat": "^2.0.0",
        "@eslint/eslintrc": "^3.3.0",
        "@eslint/js": "^9.21.0",
        "@types/mocha": "10.0.10",
        "@types/node": "22.19.7",
        "@typescript-eslint/eslint-plugin": "^8.43.0",
        "@typescript-eslint/parser": "^8.43.0",
        "ajv": "8.17.1",
        "ajv-cli": "5.0.0",
        "eslint": "^9.21.0",
        "eslint-plugin-import": "^2.31.0",
        "eslint-plugin-n": "^17.15.1",
        "eslint-plugin-simple-import-sort": "^12.1.1",
        "fast-glob": "3.3.3",
        "globals": "^17.0.0",
        "mocha": "11.7.5",
        "prettier": "^3.5.2",
        "pretty-quick": "4.2.2",
        "rimraf": "^6.0.0",
        "ts-node": "10.9.2",
        "tsconfig-paths": "4.2.0",
        "typescript": "5.9.3"
      }
    },
    "../cucumber-tsflow/node_modules/@cucumber/html-formatter": {
      "version": "23.0.0",
      "extraneous": true,
      "license": "MIT",
      "devDependencies": {
        "@babel/core": "7.28.5",
        "@cucumber/compatibility-kit": "^25.0.0",
        "@cucumber/gherkin": "36.1.0",
        "@cucumber/gherkin-streams": "^6.0.0",
        "@cucumber/gherkin-utils": "^10.0.0",
        "@cucumber/message-streams": "4.0.1",
        "@cucumber/messages": "30.1.0",
        "@cucumber/query": "14.6.0",
        "@cucumber/react-components": "24.1.2",
        "@eslint/compat": "^2.0.0",
        "@eslint/eslintrc": "^3.3.1",
        "@eslint/js": "^9.32.0",
        "@playwright/test": "1.56.1",
        "@types/glob": "^9.0.0",
        "@types/mocha": "10.0.10",
        "@types/node": "22.19.1",
        "@types/react": "18.3.26",
        "@types/react-dom": "18.3.7",
        "@typescript-eslint/eslint-plugin": "^8.39.0",
        "@typescript-eslint/parser": "^8.39.0",
        "babel-loader": "10.0.0",
        "css-loader": "7.1.2",
        "eslint": "^9.32.0",
        "eslint-plugin-import": "^2.32.0",
        "eslint-plugin-n": "^17.21.3",
        "eslint-plugin-react": "^7.37.5",
        "eslint-plugin-react-hooks": "^5.2.0",
        "eslint-plugin-simple-import-sort": "^12.1.1",
        "glob": "^11.0.0",
        "globals": "^16.0.0",
        "mini-css-extract-plugin": "2.9.4",
        "mocha": "11.7.5",
        "prettier": "^3.5.1",
        "react": "18.3.1",
        "react-dom": "18.3.1",
        "sass": "1.94.0",
        "sass-loader": "16.0.6",
        "serve": "^14.2.4",
        "shx": "^0.4.0",
        "source-map-support": "0.5.21",
        "ts-loader": "9.5.4",
        "ts-node": "10.9.2",
        "typescript": "5.9.3",
        "webpack": "5.102.1",
        "webpack-cli": "6.0.1"
      },
      "peerDependencies": {
        "@cucumber/messages": ">=18"
      }
    },
    "../cucumber-tsflow/node_modules/@cucumber/junit-xml-formatter": {
      "version": "0.9.0",
      "extraneous": true,
      "license": "MIT",
      "dependencies": {
        "@cucumber/query": "^14.0.1",
        "@teppeis/multimaps": "^3.0.0",
        "luxon": "^3.5.0",
        "xmlbuilder": "^15.1.1"
      },
      "devDependencies": {
        "@cucumber/message-streams": "^4.0.1",
        "@cucumber/messages": "28.1.0",
        "@eslint/compat": "^1.3.1",
        "@eslint/eslintrc": "^3.3.1",
        "@eslint/js": "^9.31.0",
        "@types/chai": "^5.0.0",
        "@types/chai-almost": "^1.0.3",
        "@types/chai-xml": "^0.3.6",
        "@types/luxon": "^3.4.2",
        "@types/mocha": "^10.0.6",
        "@types/node": "22.18.1",
        "@typescript-eslint/eslint-plugin": "8.43.0",
        "@typescript-eslint/parser": "8.43.0",
        "chai": "^6.0.0",
        "chai-almost": "^1.0.1",
        "chai-xml": "^0.4.1",
        "eslint": "9.35.0",
        "eslint-plugin-import": "2.32.0",
        "eslint-plugin-n": "17.21.3",
        "eslint-plugin-simple-import-sort": "12.1.1",
        "globals": "^16.3.0",
        "globby": "^14.0.2",
        "mocha": "^11.0.0",
        "prettier": "3.6.2",
        "ts-node": "^10.9.1",
        "typescript": "5.9.2"
      },
      "peerDependencies": {
        "@cucumber/messages": "*"
      }
    },
    "../cucumber-tsflow/node_modules/@cucumber/message-streams": {
      "version": "4.0.1",
      "extraneous": true,
      "license": "MIT",
      "devDependencies": {
        "@cucumber/messages": "^17.1.1",
        "@types/mocha": "9.1.0",
        "@types/node": "17.0.23",
        "@typescript-eslint/eslint-plugin": "^5.17.0",
        "@typescript-eslint/parser": "^5.17.0",
        "eslint": "^8.12.0",
        "eslint-config-prettier": "^8.5.0",
        "eslint-plugin-import": "^2.25.4",
        "eslint-plugin-node": "^11.1.0",
        "eslint-plugin-prettier": "^4.0.0",
        "eslint-plugin-simple-import-sort": "^7.0.0",
        "mocha": "9.2.2",
        "prettier": "^2.6.1",
        "ts-node": "^10.7.0",
        "typescript": "4.6.3"
      },
      "peerDependencies": {
        "@cucumber/messages": ">=17.1.1"
      }
    },
    "../cucumber-tsflow/node_modules/@cucumber/messages": {
      "version": "32.0.1",
      "extraneous": true,
      "license": "MIT",
      "dependencies": {
        "class-transformer": "0.5.1",
        "reflect-metadata": "0.2.2"
      },
      "devDependencies": {
        "@types/mocha": "10.0.10",
        "@types/node": "22.19.7",
        "copyfiles": "2.4.1",
        "mocha": "11.7.5",
        "shx": "^0.4.0",
        "ts-node": "10.9.2",
        "typescript": "5.9.3"
      }
    },
    "../cucumber-tsflow/node_modules/@cucumber/pretty-formatter": {
      "version": "1.0.1",
      "extraneous": true,
      "license": "MIT",
      "dependencies": {
        "ansi-styles": "^5.0.0",
        "cli-table3": "^0.6.0",
        "figures": "^3.2.0",
        "ts-dedent": "^2.0.0"
      },
      "devDependencies": {
        "@cucumber/cucumber": "^8.3.1",
        "@cucumber/messages": "^24.0.0",
        "@types/glob": "^8.0.0",
        "@types/mocha": "^10.0.0",
        "@types/node": "^18.0.0",
        "@typescript-eslint/eslint-plugin": "^7.0.0",
        "@typescript-eslint/parser": "^7.0.0",
        "colors": "^1.4.0",
        "eslint": "^8.0.0",
        "eslint-config-prettier": "^9.0.0",
        "eslint-plugin-import": "^2.22.1",
        "eslint-plugin-prettier": "^5.0.0",
        "glob": "^10.0.0",
        "mocha": "^10.0.0",
        "prettier": "^3.0.0",
        "should": "^13.2.3",
        "stream-to-string": "^1.2.0",
        "typescript": "^4.1.3"
      },
      "peerDependencies": {
        "@cucumber/cucumber": ">=7.0.0",
        "@cucumber/messages": "*"
      }
    },
    "../cucumber-tsflow/node_modules/@cucumber/query": {
      "version": "14.7.0",
      "extraneous": true,
      "license": "MIT",
      "dependencies": {
        "@teppeis/multimaps": "3.0.0",
        "lodash.sortby": "^4.7.0"
      },
      "devDependencies": {
        "@cucumber/compatibility-kit": "^24.0.0",
        "@cucumber/fake-cucumber": "^18.0.0",
        "@cucumber/gherkin": "37.0.0",
        "@cucumber/gherkin-streams": "^6.0.0",
        "@cucumber/gherkin-utils": "^10.0.0",
        "@cucumber/messages": "30.1.0",
        "@eslint/compat": "^2.0.0",
        "@eslint/eslintrc": "^3.3.0",
        "@eslint/js": "^9.21.0",
        "@types/lodash.sortby": "^4.7.9",
        "@types/mocha": "10.0.10",
        "@types/node": "22.19.1",
        "@typescript-eslint/eslint-plugin": "^8.43.0",
        "@typescript-eslint/parser": "^8.43.0",
        "ajv": "8.17.1",
        "ajv-cli": "5.0.0",
        "eslint": "^9.21.0",
        "eslint-plugin-import": "^2.31.0",
        "eslint-plugin-n": "^17.15.1",
        "eslint-plugin-simple-import-sort": "^12.1.1",
        "glob": "^13.0.0",
        "globals": "^16.0.0",
        "mocha": "11.7.5",
        "prettier": "^3.5.2",
        "pretty-quick": "4.2.2",
        "rimraf": "^6.0.0",
        "ts-node": "10.9.2",
        "tsconfig-paths": "4.2.0",
        "typescript": "5.9.3"
      },
      "peerDependencies": {
        "@cucumber/messages": "*"
      }
    },
    "../cucumber-tsflow/node_modules/@cucumber/tag-expressions": {
      "version": "9.1.0",
      "extraneous": true,
      "license": "MIT",
      "devDependencies": {
        "@eslint/compat": "^2.0.0",
        "@eslint/eslintrc": "^3.3.0",
        "@eslint/js": "^9.21.0",
        "@stryker-mutator/core": "9.5.1",
        "@stryker-mutator/mocha-runner": "9.5.1",
        "@stryker-mutator/typescript-checker": "9.5.1",
        "@types/js-yaml": "^4.0.3",
        "@types/mocha": "10.0.10",
        "@types/node": "22.19.11",
        "@typescript-eslint/eslint-plugin": "^8.46.0",
        "@typescript-eslint/parser": "^8.46.0",
        "eslint": "^9.21.0",
        "eslint-plugin-import": "^2.31.0",
        "eslint-plugin-n": "^17.15.1",
        "eslint-plugin-simple-import-sort": "^12.1.1",
        "globals": "^17.0.0",
        "js-yaml": "^4.1.0",
        "mocha": "11.7.5",
        "prettier": "^3.5.2",
        "pretty-quick": "4.2.2",
        "ts-node": "10.9.2",
        "typescript": "5.9.3"
      }
    },
    "../cucumber-tsflow/node_modules/buffer-from": {
      "version": "1.1.2",
      "license": "MIT"
    },
    "../cucumber-tsflow/node_modules/date-format": {
      "version": "4.0.14",
      "license": "MIT",
      "engines": {
        "node": ">=4.0"
      }
    },
    "../cucumber-tsflow/node_modules/debug": {
      "version": "4.4.1",
      "license": "MIT",
      "dependencies": {
        "ms": "^2.1.3"
      },
      "engines": {
        "node": ">=6.0"
      },
      "peerDependenciesMeta": {
        "supports-color": {
          "optional": true
        }
      }
    },
    "../cucumber-tsflow/node_modules/flatted": {
      "version": "3.3.3",
      "license": "ISC"
    },
    "../cucumber-tsflow/node_modules/fs-extra": {
      "version": "8.1.0",
      "license": "MIT",
      "dependencies": {
        "graceful-fs": "^4.2.0",
        "jsonfile": "^4.0.0",
        "universalify": "^0.1.0"
      },
      "engines": {
        "node": ">=6 <7 || >=8"
      }
    },
    "../cucumber-tsflow/node_modules/graceful-fs": {
      "version": "4.2.11",
      "license": "ISC"
    },
    "../cucumber-tsflow/node_modules/jsonfile": {
      "version": "4.0.0",
      "license": "MIT",
      "optionalDependencies": {
        "graceful-fs": "^4.1.6"
      }
    },
    "../cucumber-tsflow/node_modules/log4js": {
      "version": "6.9.1",
      "license": "Apache-2.0",
      "dependencies": {
        "date-format": "^4.0.14",
        "debug": "^4.3.4",
        "flatted": "^3.2.7",
        "rfdc": "^1.3.0",
        "streamroller": "^3.1.5"
      },
      "engines": {
        "node": ">=8.0"
      }
    },
    "../cucumber-tsflow/node_modules/ms": {
      "version": "2.1.3",
      "license": "MIT"
    },
    "../cucumber-tsflow/node_modules/rfdc": {
      "version": "1.4.1",
      "license": "MIT"
    },
    "../cucumber-tsflow/node_modules/source-map": {
      "version": "0.6.1",
      "license": "BSD-3-Clause",
      "engines": {
        "node": ">=0.10.0"
      }
    },
    "../cucumber-tsflow/node_modules/source-map-support": {
      "version": "0.5.21",
      "license": "MIT",
      "dependencies": {
        "buffer-from": "^1.0.0",
        "source-map": "^0.6.0"
      }
    },
    "../cucumber-tsflow/node_modules/streamroller": {
      "version": "3.1.5",
      "license": "MIT",
      "dependencies": {
        "date-format": "^4.0.14",
        "debug": "^4.3.4",
        "fs-extra": "^8.1.0"
      },
      "engines": {
        "node": ">=8.0"
      }
    },
    "../cucumber-tsflow/node_modules/underscore": {
      "version": "1.13.8",
      "license": "MIT"
    },
    "../cucumber-tsflow/node_modules/universalify": {
      "version": "0.1.2",
      "license": "MIT",
      "engines": {
        "node": ">= 4.0.0"
      }
    },
    "node_modules/@babel/code-frame": {
      "version": "7.27.1",
      "license": "MIT",
      "dependencies": {
        "@babel/helper-validator-identifier": "^7.27.1",
        "js-tokens": "^4.0.0",
        "picocolors": "^1.1.1"
      },
      "engines": {
        "node": ">=6.9.0"
      }
    },
    "node_modules/@babel/helper-validator-identifier": {
      "version": "7.27.1",
      "license": "MIT",
      "engines": {
        "node": ">=6.9.0"
      }
    },
    "node_modules/@jest/diff-sequences": {
      "version": "30.0.1",
      "license": "MIT",
      "engines": {
        "node": "^18.14.0 || ^20.0.0 || ^22.0.0 || >=24.0.0"
      }
    },
    "node_modules/@jest/expect-utils": {
      "version": "30.2.0",
      "license": "MIT",
      "dependencies": {
        "@jest/get-type": "30.1.0"
      },
      "engines": {
        "node": "^18.14.0 || ^20.0.0 || ^22.0.0 || >=24.0.0"
      }
    },
    "node_modules/@jest/get-type": {
      "version": "30.1.0",
      "license": "MIT",
      "engines": {
        "node": "^18.14.0 || ^20.0.0 || ^22.0.0 || >=24.0.0"
      }
    },
    "node_modules/@jest/pattern": {
      "version": "30.0.1",
      "license": "MIT",
      "dependencies": {
        "@types/node": "*",
        "jest-regex-util": "30.0.1"
      },
      "engines": {
        "node": "^18.14.0 || ^20.0.0 || ^22.0.0 || >=24.0.0"
      }
    },
    "node_modules/@jest/schemas": {
      "version": "30.0.5",
      "license": "MIT",
      "dependencies": {
        "@sinclair/typebox": "^0.34.0"
      },
      "engines": {
        "node": "^18.14.0 || ^20.0.0 || ^22.0.0 || >=24.0.0"
      }
    },
    "node_modules/@jest/types": {
      "version": "30.2.0",
      "license": "MIT",
      "dependencies": {
        "@jest/pattern": "30.0.1",
        "@jest/schemas": "30.0.5",
        "@types/istanbul-lib-coverage": "^2.0.6",
        "@types/istanbul-reports": "^3.0.4",
        "@types/node": "*",
        "@types/yargs": "^17.0.33",
        "chalk": "^4.1.2"
      },
      "engines": {
        "node": "^18.14.0 || ^20.0.0 || ^22.0.0 || >=24.0.0"
      }
    },
    "node_modules/@sinclair/typebox": {
      "version": "0.34.48",
      "license": "MIT"
    },
    "node_modules/@types/fs-extra": {
      "version": "11.0.4",
      "dev": true,
      "license": "MIT",
      "dependencies": {
        "@types/jsonfile": "*",
        "@types/node": "*"
      }
    },
    "node_modules/@types/istanbul-lib-coverage": {
      "version": "2.0.6",
      "license": "MIT"
    },
    "node_modules/@types/istanbul-lib-report": {
      "version": "3.0.3",
      "license": "MIT",
      "dependencies": {
        "@types/istanbul-lib-coverage": "*"
      }
    },
    "node_modules/@types/istanbul-reports": {
      "version": "3.0.4",
      "license": "MIT",
      "dependencies": {
        "@types/istanbul-lib-report": "*"
      }
    },
    "node_modules/@types/jsonfile": {
      "version": "6.1.4",
      "dev": true,
      "license": "MIT",
      "dependencies": {
        "@types/node": "*"
      }
    },
    "node_modules/@types/node": {
      "version": "22.15.18",
      "license": "MIT",
      "dependencies": {
        "undici-types": "~6.21.0"
      }
    },
    "node_modules/@types/stack-utils": {
      "version": "2.0.3",
      "license": "MIT"
    },
    "node_modules/@types/verror": {
      "version": "1.10.11",
      "dev": true,
      "license": "MIT"
    },
    "node_modules/@types/yargs": {
      "version": "17.0.35",
      "license": "MIT",
      "dependencies": {
        "@types/yargs-parser": "*"
      }
    },
    "node_modules/@types/yargs-parser": {
      "version": "21.0.3",
      "license": "MIT"
    },
    "node_modules/ansi-styles": {
      "version": "4.3.0",
      "license": "MIT",
      "dependencies": {
        "color-convert": "^2.0.1"
      },
      "engines": {
        "node": ">=8"
      },
      "funding": {
        "url": "https://github.com/chalk/ansi-styles?sponsor=1"
      }
    },
    "node_modules/assert-plus": {
      "version": "1.0.0",
      "license": "MIT",
      "engines": {
        "node": ">=0.8"
      }
    },
    "node_modules/braces": {
      "version": "3.0.3",
      "license": "MIT",
      "dependencies": {
        "fill-range": "^7.1.1"
      },
      "engines": {
        "node": ">=8"
      }
    },
    "node_modules/chalk": {
      "version": "4.1.2",
      "license": "MIT",
      "dependencies": {
        "ansi-styles": "^4.1.0",
        "supports-color": "^7.1.0"
      },
      "engines": {
        "node": ">=10"
      },
      "funding": {
        "url": "https://github.com/chalk/chalk?sponsor=1"
      }
    },
    "node_modules/chalk/node_modules/supports-color": {
      "version": "7.2.0",
      "license": "MIT",
      "dependencies": {
        "has-flag": "^4.0.0"
      },
      "engines": {
        "node": ">=8"
      }
    },
    "node_modules/ci-info": {
      "version": "4.4.0",
      "funding": [
        {
          "type": "github",
          "url": "https://github.com/sponsors/sibiraj-s"
        }
      ],
      "license": "MIT",
      "engines": {
        "node": ">=8"
      }
    },
    "node_modules/color-convert": {
      "version": "2.0.1",
      "license": "MIT",
      "dependencies": {
        "color-name": "~1.1.4"
      },
      "engines": {
        "node": ">=7.0.0"
      }
    },
    "node_modules/color-name": {
      "version": "1.1.4",
      "license": "MIT"
    },
    "node_modules/core-util-is": {
      "version": "1.0.2",
      "license": "MIT"
    },
    "node_modules/cucumber-tsflow": {
      "resolved": "../cucumber-tsflow",
      "link": true
    },
    "node_modules/expect": {
      "version": "30.2.0",
      "license": "MIT",
      "dependencies": {
        "@jest/expect-utils": "30.2.0",
        "@jest/get-type": "30.1.0",
        "jest-matcher-utils": "30.2.0",
        "jest-message-util": "30.2.0",
        "jest-mock": "30.2.0",
        "jest-util": "30.2.0"
      },
      "engines": {
        "node": "^18.14.0 || ^20.0.0 || ^22.0.0 || >=24.0.0"
      }
    },
    "node_modules/extsprintf": {
      "version": "1.4.1",
      "engines": [
        "node >=0.6.0"
      ],
      "license": "MIT"
    },
    "node_modules/fill-range": {
      "version": "7.1.1",
      "license": "MIT",
      "dependencies": {
        "to-regex-range": "^5.0.1"
      },
      "engines": {
        "node": ">=8"
      }
    },
    "node_modules/fs-extra": {
      "version": "11.3.3",
      "license": "MIT",
      "dependencies": {
        "graceful-fs": "^4.2.0",
        "jsonfile": "^6.0.1",
        "universalify": "^2.0.0"
      },
      "engines": {
        "node": ">=14.14"
      }
    },
    "node_modules/graceful-fs": {
      "version": "4.2.11",
      "license": "ISC"
    },
    "node_modules/has-flag": {
      "version": "4.0.0",
      "license": "MIT",
      "engines": {
        "node": ">=8"
      }
    },
    "node_modules/is-number": {
      "version": "7.0.0",
      "license": "MIT",
      "engines": {
        "node": ">=0.12.0"
      }
    },
    "node_modules/jest-diff": {
      "version": "30.2.0",
      "license": "MIT",
      "dependencies": {
        "@jest/diff-sequences": "30.0.1",
        "@jest/get-type": "30.1.0",
        "chalk": "^4.1.2",
        "pretty-format": "30.2.0"
      },
      "engines": {
        "node": "^18.14.0 || ^20.0.0 || ^22.0.0 || >=24.0.0"
      }
    },
    "node_modules/jest-matcher-utils": {
      "version": "30.2.0",
      "license": "MIT",
      "dependencies": {
        "@jest/get-type": "30.1.0",
        "chalk": "^4.1.2",
        "jest-diff": "30.2.0",
        "pretty-format": "30.2.0"
      },
      "engines": {
        "node": "^18.14.0 || ^20.0.0 || ^22.0.0 || >=24.0.0"
      }
    },
    "node_modules/jest-message-util": {
      "version": "30.2.0",
      "license": "MIT",
      "dependencies": {
        "@babel/code-frame": "^7.27.1",
        "@jest/types": "30.2.0",
        "@types/stack-utils": "^2.0.3",
        "chalk": "^4.1.2",
        "graceful-fs": "^4.2.11",
        "micromatch": "^4.0.8",
        "pretty-format": "30.2.0",
        "slash": "^3.0.0",
        "stack-utils": "^2.0.6"
      },
      "engines": {
        "node": "^18.14.0 || ^20.0.0 || ^22.0.0 || >=24.0.0"
      }
    },
    "node_modules/jest-mock": {
      "version": "30.2.0",
      "license": "MIT",
      "dependencies": {
        "@jest/types": "30.2.0",
        "@types/node": "*",
        "jest-util": "30.2.0"
      },
      "engines": {
        "node": "^18.14.0 || ^20.0.0 || ^22.0.0 || >=24.0.0"
      }
    },
    "node_modules/jest-regex-util": {
      "version": "30.0.1",
      "license": "MIT",
      "engines": {
        "node": "^18.14.0 || ^20.0.0 || ^22.0.0 || >=24.0.0"
      }
    },
    "node_modules/jest-util": {
      "version": "30.2.0",
      "license": "MIT",
      "dependencies": {
        "@jest/types": "30.2.0",
        "@types/node": "*",
        "chalk": "^4.1.2",
        "ci-info": "^4.2.0",
        "graceful-fs": "^4.2.11",
        "picomatch": "^4.0.2"
      },
      "engines": {
        "node": "^18.14.0 || ^20.0.0 || ^22.0.0 || >=24.0.0"
      }
    },
    "node_modules/js-tokens": {
      "version": "4.0.0",
      "license": "MIT"
    },
    "node_modules/jsonfile": {
      "version": "6.1.0",
      "license": "MIT",
      "dependencies": {
        "universalify": "^2.0.0"
      },
      "optionalDependencies": {
        "graceful-fs": "^4.1.6"
      }
    },
    "node_modules/micromatch": {
      "version": "4.0.8",
      "license": "MIT",
      "dependencies": {
        "braces": "^3.0.3",
        "picomatch": "^2.3.1"
      },
      "engines": {
        "node": ">=8.6"
      }
    },
    "node_modules/micromatch/node_modules/picomatch": {
      "version": "2.3.1",
      "license": "MIT",
      "engines": {
        "node": ">=8.6"
      },
      "funding": {
        "url": "https://github.com/sponsors/jonschlinkert"
      }
    },
    "node_modules/picocolors": {
      "version": "1.1.1",
      "license": "ISC"
    },
    "node_modules/picomatch": {
      "version": "4.0.3",
      "license": "MIT",
      "engines": {
        "node": ">=12"
      },
      "funding": {
        "url": "https://github.com/sponsors/jonschlinkert"
      }
    },
    "node_modules/pretty-format": {
      "version": "30.2.0",
      "license": "MIT",
      "dependencies": {
        "@jest/schemas": "30.0.5",
        "ansi-styles": "^5.2.0",
        "react-is": "^18.3.1"
      },
      "engines": {
        "node": "^18.14.0 || ^20.0.0 || ^22.0.0 || >=24.0.0"
      }
    },
    "node_modules/pretty-format/node_modules/ansi-styles": {
      "version": "5.2.0",
      "license": "MIT",
      "engines": {
        "node": ">=10"
      },
      "funding": {
        "url": "https://github.com/chalk/ansi-styles?sponsor=1"
      }
    },
    "node_modules/react-is": {
      "version": "18.3.1",
      "license": "MIT"
    },
    "node_modules/slash": {
      "version": "3.0.0",
      "license": "MIT",
      "engines": {
        "node": ">=8"
      }
    },
    "node_modules/stack-utils": {
      "version": "2.0.6",
      "license": "MIT",
      "dependencies": {
        "escape-string-regexp": "^2.0.0"
      },
      "engines": {
        "node": ">=10"
      }
    },
    "node_modules/stack-utils/node_modules/escape-string-regexp": {
      "version": "2.0.0",
      "license": "MIT",
      "engines": {
        "node": ">=8"
      }
    },
    "node_modules/to-regex-range": {
      "version": "5.0.1",
      "license": "MIT",
      "dependencies": {
        "is-number": "^7.0.0"
      },
      "engines": {
        "node": ">=8.0"
      }
    },
    "node_modules/undici-types": {
      "version": "6.21.0",
      "license": "MIT"
    },
    "node_modules/universalify": {
      "version": "2.0.1",
      "license": "MIT",
      "engines": {
        "node": ">= 10.0.0"
      }
    },
    "node_modules/verror": {
      "version": "1.10.1",
      "license": "MIT",
      "dependencies": {
        "assert-plus": "^1.0.0",
        "core-util-is": "1.0.2",
        "extsprintf": "^1.2.0"
      },
      "engines": {
        "node": ">=0.6.0"
      }
    }
  }
}
