{
  "name": "cucumber-tsflow-specs",
  "version": "3.2.1",
  "lockfileVersion": 1,
  "requires": true,
  "dependencies": {
    "callsite": {
      "version": "1.0.0",
      "resolved": "https://registry.npmjs.org/callsite/-/callsite-1.0.0.tgz",
      "integrity": "sha1-KAOY5dZkvXQDi28JBRU+borxvCA="
    },
    "cucumber-tsflow": {
      "version": "3.2.2",
      "resolved": "https://registry.npmjs.org/cucumber-tsflow/-/cucumber-tsflow-3.2.2.tgz",
      "integrity": "sha512-SRHCV5b0ynHdI+NCPPvhgYnY73R9vyXeJCE2aoZ66hSvYzVxbptGGhGM2UE7QD1nzlUM/DOLMeJ+DEpYoPPeHA==",
      "requires": {
        "callsite": "^1.0.0",
        "underscore": "^1.8.3"
      }
    },
    "underscore": {
      "version": "1.10.2",
      "resolved": "https://registry.npmjs.org/underscore/-/underscore-1.10.2.tgz",
      "integrity": "sha512-N4P+Q/BuyuEKFJ43B9gYuOj4TQUHXX+j2FqguVOpjkssLUUrnJofCcBccJSCoeturDoZU6GorDTHSvUDlSQbTg=="
    }
  }
}
