{
  "name": "cucumber-tsflow",
  "version": "5.0.0",
  "lockfileVersion": 3,
  "requires": true,
  "packages": {
    "": {
      "name": "cucumber-tsflow",
      "version": "5.0.0",
      "license": "MIT",
      "dependencies": {
        "log4js": "^6.9.1",
        "source-map-support": "^0.5.21",
        "underscore": "^1.13.8"
      },
      "peerDependencies": {
        "@cucumber/cucumber": "^10 || ^11 || ^12"
      }
    },
    "node_modules/@babel/code-frame": {
      "version": "7.29.0",
      "resolved": "https://registry.npmjs.org/@babel/code-frame/-/code-frame-7.29.0.tgz",
      "integrity": "sha512-9NhCeYjq9+3uxgdtp20LSiJXJvN0FeCtNGpJxuMFZ1Kv3cWUNb6DOhJwUvcVCzKGR66cw4njwM6hrJLqgOwbcw==",
      "license": "MIT",
      "peer": true,
      "dependencies": {
        "@babel/helper-validator-identifier": "^7.28.5",
        "js-tokens": "^4.0.0",
        "picocolors": "^1.1.1"
      },
      "engines": {
        "node": ">=6.9.0"
      }
    },
    "node_modules/@babel/helper-validator-identifier": {
      "version": "7.28.5",
      "resolved": "https://registry.npmjs.org/@babel/helper-validator-identifier/-/helper-validator-identifier-7.28.5.tgz",
      "integrity": "sha512-qSs4ifwzKJSV39ucNjsvc6WVHs6b7S03sOh2OcHF9UHfVPqWWALUsNUVzhSBiItjRZoLHx7nIarVjqKVusUZ1Q==",
      "license": "MIT",
      "peer": true,
      "engines": {
        "node": ">=6.9.0"
      }
    },
    "node_modules/@colors/colors": {
      "version": "1.5.0",
      "license": "MIT",
      "optional": true,
      "peer": true,
      "engines": {
        "node": ">=0.1.90"
      }
    },
    "node_modules/@cucumber/ci-environment": {
      "version": "13.0.0",
      "resolved": "https://registry.npmjs.org/@cucumber/ci-environment/-/ci-environment-13.0.0.tgz",
      "integrity": "sha512-cs+3NzfNkGbcmHPddjEv4TKFiBpZRQ6WJEEufB9mw+ExS22V/4R/zpDSEG+fsJ/iSNCd6A2sATdY8PFOyY3YnA==",
      "license": "MIT",
      "peer": true
    },
    "node_modules/@cucumber/cucumber": {
      "version": "12.7.0",
      "resolved": "https://registry.npmjs.org/@cucumber/cucumber/-/cucumber-12.7.0.tgz",
      "integrity": "sha512-7A/9CJpJDxv1SQ7hAZU0zPn2yRxx6XMR+LO4T94Enm3cYNWsEEj+RGX38NLX4INT+H6w5raX3Csb/qs4vUBsOA==",
      "license": "MIT",
      "peer": true,
      "dependencies": {
        "@cucumber/ci-environment": "13.0.0",
        "@cucumber/cucumber-expressions": "19.0.0",
        "@cucumber/gherkin": "38.0.0",
        "@cucumber/gherkin-streams": "6.0.0",
        "@cucumber/gherkin-utils": "11.0.0",
        "@cucumber/html-formatter": "23.0.0",
        "@cucumber/junit-xml-formatter": "0.9.0",
        "@cucumber/message-streams": "4.0.1",
        "@cucumber/messages": "32.0.1",
        "@cucumber/pretty-formatter": "1.0.1",
        "@cucumber/tag-expressions": "9.1.0",
        "assertion-error-formatter": "^3.0.0",
        "capital-case": "^1.0.4",
        "chalk": "^4.1.2",
        "cli-table3": "0.6.5",
        "commander": "^14.0.0",
        "debug": "^4.3.4",
        "error-stack-parser": "^2.1.4",
        "figures": "^3.2.0",
        "glob": "^13.0.0",
        "has-ansi": "^4.0.1",
        "indent-string": "^4.0.0",
        "is-installed-globally": "^0.4.0",
        "is-stream": "^2.0.0",
        "knuth-shuffle-seeded": "^1.0.6",
        "lodash.merge": "^4.6.2",
        "lodash.mergewith": "^4.6.2",
        "luxon": "3.7.2",
        "mime": "^3.0.0",
        "mkdirp": "^3.0.0",
        "mz": "^2.7.0",
        "progress": "^2.0.3",
        "read-package-up": "^12.0.0",
        "semver": "7.7.4",
        "string-argv": "0.3.1",
        "supports-color": "^8.1.1",
        "type-fest": "^4.41.0",
        "util-arity": "^1.1.0",
        "yaml": "^2.2.2",
        "yup": "1.7.1"
      },
      "bin": {
        "cucumber-js": "bin/cucumber.js"
      },
      "engines": {
        "node": "20 || 22 || >=24"
      },
      "funding": {
        "url": "https://opencollective.com/cucumber"
      }
    },
    "node_modules/@cucumber/cucumber-expressions": {
      "version": "19.0.0",
      "resolved": "https://registry.npmjs.org/@cucumber/cucumber-expressions/-/cucumber-expressions-19.0.0.tgz",
      "integrity": "sha512-4FKoOQh2Uf6F6/Ln+1OxuK8LkTg6PyAqekhf2Ix8zqV2M54sH+m7XNJNLhOFOAW/t9nxzRbw2CcvXbCLjcvHZg==",
      "license": "MIT",
      "peer": true,
      "dependencies": {
        "regexp-match-indices": "1.0.2"
      }
    },
    "node_modules/@cucumber/gherkin": {
      "version": "38.0.0",
      "resolved": "https://registry.npmjs.org/@cucumber/gherkin/-/gherkin-38.0.0.tgz",
      "integrity": "sha512-duEXK+KDfQUzu3vsSzXjkxQ2tirF5PRsc1Xrts6THKHJO6mjw4RjM8RV+vliuDasmhhrmdLcOcM7d9nurNTJKw==",
      "license": "MIT",
      "peer": true,
      "dependencies": {
        "@cucumber/messages": ">=31.0.0 <33"
      }
    },
    "node_modules/@cucumber/gherkin-streams": {
      "version": "6.0.0",
      "resolved": "https://registry.npmjs.org/@cucumber/gherkin-streams/-/gherkin-streams-6.0.0.tgz",
      "integrity": "sha512-HLSHMmdDH0vCr7vsVEURcDA4WwnRLdjkhqr6a4HQ3i4RFK1wiDGPjBGVdGJLyuXuRdJpJbFc6QxHvT8pU4t6jw==",
      "license": "MIT",
      "peer": true,
      "dependencies": {
        "commander": "14.0.0",
        "source-map-support": "0.5.21"
      },
      "bin": {
        "gherkin-javascript": "bin/gherkin"
      },
      "peerDependencies": {
        "@cucumber/gherkin": ">=22.0.0",
        "@cucumber/message-streams": ">=4.0.0",
        "@cucumber/messages": ">=17.1.1"
      }
    },
    "node_modules/@cucumber/gherkin-streams/node_modules/commander": {
      "version": "14.0.0",
      "resolved": "https://registry.npmjs.org/commander/-/commander-14.0.0.tgz",
      "integrity": "sha512-2uM9rYjPvyq39NwLRqaiLtWHyDC1FvryJDa2ATTVims5YAS4PupsEQsDvP14FqhFr0P49CYDugi59xaxJlTXRA==",
      "license": "MIT",
      "peer": true,
      "engines": {
        "node": ">=20"
      }
    },
    "node_modules/@cucumber/gherkin-utils": {
      "version": "11.0.0",
      "resolved": "https://registry.npmjs.org/@cucumber/gherkin-utils/-/gherkin-utils-11.0.0.tgz",
      "integrity": "sha512-LJ+s4+TepHTgdKWDR4zbPyT7rQjmYIcukTwNbwNwgqr6i8Gjcmzf6NmtbYDA19m1ZFg6kWbFsmHnj37ZuX+kZA==",
      "license": "MIT",
      "peer": true,
      "dependencies": {
        "@cucumber/gherkin": "^38.0.0",
        "@cucumber/messages": "^32.0.0",
        "@teppeis/multimaps": "3.0.0",
        "commander": "14.0.2",
        "source-map-support": "^0.5.21"
      },
      "bin": {
        "gherkin-utils": "bin/gherkin-utils"
      }
    },
    "node_modules/@cucumber/gherkin-utils/node_modules/commander": {
      "version": "14.0.2",
      "resolved": "https://registry.npmjs.org/commander/-/commander-14.0.2.tgz",
      "integrity": "sha512-TywoWNNRbhoD0BXs1P3ZEScW8W5iKrnbithIl0YH+uCmBd0QpPOA8yc82DS3BIE5Ma6FnBVUsJ7wVUDz4dvOWQ==",
      "license": "MIT",
      "peer": true,
      "engines": {
        "node": ">=20"
      }
    },
    "node_modules/@cucumber/html-formatter": {
      "version": "23.0.0",
      "resolved": "https://registry.npmjs.org/@cucumber/html-formatter/-/html-formatter-23.0.0.tgz",
      "integrity": "sha512-WwcRzdM8Ixy4e53j+Frm3fKM5rNuIyWUfy4HajEN+Xk/YcjA6yW0ACGTFDReB++VDZz/iUtwYdTlPRY36NbqJg==",
      "license": "MIT",
      "peer": true,
      "peerDependencies": {
        "@cucumber/messages": ">=18"
      }
    },
    "node_modules/@cucumber/junit-xml-formatter": {
      "version": "0.9.0",
      "resolved": "https://registry.npmjs.org/@cucumber/junit-xml-formatter/-/junit-xml-formatter-0.9.0.tgz",
      "integrity": "sha512-WF+A7pBaXpKMD1i7K59Nk5519zj4extxY4+4nSgv5XLsGXHDf1gJnb84BkLUzevNtp2o2QzMG0vWLwSm8V5blw==",
      "license": "MIT",
      "peer": true,
      "dependencies": {
        "@cucumber/query": "^14.0.1",
        "@teppeis/multimaps": "^3.0.0",
        "luxon": "^3.5.0",
        "xmlbuilder": "^15.1.1"
      },
      "peerDependencies": {
        "@cucumber/messages": "*"
      }
    },
    "node_modules/@cucumber/message-streams": {
      "version": "4.0.1",
      "resolved": "https://registry.npmjs.org/@cucumber/message-streams/-/message-streams-4.0.1.tgz",
      "integrity": "sha512-Kxap9uP5jD8tHUZVjTWgzxemi/0uOsbGjd4LBOSxcJoOCRbESFwemUzilJuzNTB8pcTQUh8D5oudUyxfkJOKmA==",
      "license": "MIT",
      "peer": true,
      "peerDependencies": {
        "@cucumber/messages": ">=17.1.1"
      }
    },
    "node_modules/@cucumber/messages": {
      "version": "32.0.1",
      "resolved": "https://registry.npmjs.org/@cucumber/messages/-/messages-32.0.1.tgz",
      "integrity": "sha512-1OSoW+GQvFUNAl6tdP2CTBexTXMNJF0094goVUcvugtQeXtJ0K8sCP0xbq7GGoiezs/eJAAOD03+zAPT64orHQ==",
      "license": "MIT",
      "peer": true,
      "dependencies": {
        "class-transformer": "0.5.1",
        "reflect-metadata": "0.2.2"
      }
    },
    "node_modules/@cucumber/pretty-formatter": {
      "version": "1.0.1",
      "resolved": "https://registry.npmjs.org/@cucumber/pretty-formatter/-/pretty-formatter-1.0.1.tgz",
      "integrity": "sha512-A1lU4VVP0aUWdOTmpdzvXOyEYuPtBDI0xYwYJnmoMDplzxMdhcHk86lyyvYDoMoPzzq6OkOE3isuosvUU4X7IQ==",
      "license": "MIT",
      "peer": true,
      "dependencies": {
        "ansi-styles": "^5.0.0",
        "cli-table3": "^0.6.0",
        "figures": "^3.2.0",
        "ts-dedent": "^2.0.0"
      },
      "peerDependencies": {
        "@cucumber/cucumber": ">=7.0.0",
        "@cucumber/messages": "*"
      }
    },
    "node_modules/@cucumber/pretty-formatter/node_modules/ansi-styles": {
      "version": "5.2.0",
      "resolved": "https://registry.npmjs.org/ansi-styles/-/ansi-styles-5.2.0.tgz",
      "integrity": "sha512-Cxwpt2SfTzTtXcfOlzGEee8O+c+MmUgGrNiBcXnuWxuFJHe6a5Hz7qwhwe5OgaSYI0IJvkLqWX1ASG+cJOkEiA==",
      "license": "MIT",
      "peer": true,
      "engines": {
        "node": ">=10"
      },
      "funding": {
        "url": "https://github.com/chalk/ansi-styles?sponsor=1"
      }
    },
    "node_modules/@cucumber/query": {
      "version": "14.7.0",
      "resolved": "https://registry.npmjs.org/@cucumber/query/-/query-14.7.0.tgz",
      "integrity": "sha512-fiqZ4gMEgYjmbuWproF/YeCdD5y+gD2BqgBIGbpihOsx6UlNsyzoDSfO+Tny0q65DxfK+pHo2UkPyEl7dO7wmQ==",
      "license": "MIT",
      "peer": true,
      "dependencies": {
        "@teppeis/multimaps": "3.0.0",
        "lodash.sortby": "^4.7.0"
      },
      "peerDependencies": {
        "@cucumber/messages": "*"
      }
    },
    "node_modules/@cucumber/tag-expressions": {
      "version": "9.1.0",
      "resolved": "https://registry.npmjs.org/@cucumber/tag-expressions/-/tag-expressions-9.1.0.tgz",
      "integrity": "sha512-bvHjcRFZ+J1TqIa9eFNO1wGHqwx4V9ZKV3hYgkuK/VahHx73uiP4rKV3JVrvWSMrwrFvJG6C8aEwnCWSvbyFdQ==",
      "license": "MIT",
      "peer": true
    },
    "node_modules/@teppeis/multimaps": {
      "version": "3.0.0",
      "license": "MIT",
      "peer": true,
      "engines": {
        "node": ">=14"
      }
    },
    "node_modules/@types/normalize-package-data": {
      "version": "2.4.4",
      "resolved": "https://registry.npmjs.org/@types/normalize-package-data/-/normalize-package-data-2.4.4.tgz",
      "integrity": "sha512-37i+OaWTh9qeK4LSHPsyRC7NahnGotNuZvjLSgcPzblpHB3rrCJxAOgI5gCdKm7coonsaX1Of0ILiTcnZjbfxA==",
      "license": "MIT",
      "peer": true
    },
    "node_modules/ansi-regex": {
      "version": "4.1.1",
      "license": "MIT",
      "peer": true,
      "engines": {
        "node": ">=6"
      }
    },
    "node_modules/ansi-styles": {
      "version": "4.3.0",
      "license": "MIT",
      "peer": true,
      "dependencies": {
        "color-convert": "^2.0.1"
      },
      "engines": {
        "node": ">=8"
      },
      "funding": {
        "url": "https://github.com/chalk/ansi-styles?sponsor=1"
      }
    },
    "node_modules/any-promise": {
      "version": "1.3.0",
      "license": "MIT",
      "peer": true
    },
    "node_modules/assertion-error-formatter": {
      "version": "3.0.0",
      "license": "MIT",
      "peer": true,
      "dependencies": {
        "diff": "^4.0.1",
        "pad-right": "^0.2.2",
        "repeat-string": "^1.6.1"
      }
    },
    "node_modules/balanced-match": {
      "version": "4.0.4",
      "resolved": "https://registry.npmjs.org/balanced-match/-/balanced-match-4.0.4.tgz",
      "integrity": "sha512-BLrgEcRTwX2o6gGxGOCNyMvGSp35YofuYzw9h1IMTRmKqttAZZVU67bdb9Pr2vUHA8+j3i2tJfjO6C6+4myGTA==",
      "license": "MIT",
      "peer": true,
      "engines": {
        "node": "18 || 20 || >=22"
      }
    },
    "node_modules/brace-expansion": {
      "version": "5.0.4",
      "resolved": "https://registry.npmjs.org/brace-expansion/-/brace-expansion-5.0.4.tgz",
      "integrity": "sha512-h+DEnpVvxmfVefa4jFbCf5HdH5YMDXRsmKflpf1pILZWRFlTbJpxeU55nJl4Smt5HQaGzg1o6RHFPJaOqnmBDg==",
      "license": "MIT",
      "peer": true,
      "dependencies": {
        "balanced-match": "^4.0.2"
      },
      "engines": {
        "node": "18 || 20 || >=22"
      }
    },
    "node_modules/buffer-from": {
      "version": "1.1.2",
      "license": "MIT"
    },
    "node_modules/capital-case": {
      "version": "1.0.4",
      "license": "MIT",
      "peer": true,
      "dependencies": {
        "no-case": "^3.0.4",
        "tslib": "^2.0.3",
        "upper-case-first": "^2.0.2"
      }
    },
    "node_modules/chalk": {
      "version": "4.1.2",
      "license": "MIT",
      "peer": true,
      "dependencies": {
        "ansi-styles": "^4.1.0",
        "supports-color": "^7.1.0"
      },
      "engines": {
        "node": ">=10"
      },
      "funding": {
        "url": "https://github.com/chalk/chalk?sponsor=1"
      }
    },
    "node_modules/chalk/node_modules/supports-color": {
      "version": "7.2.0",
      "license": "MIT",
      "peer": true,
      "dependencies": {
        "has-flag": "^4.0.0"
      },
      "engines": {
        "node": ">=8"
      }
    },
    "node_modules/class-transformer": {
      "version": "0.5.1",
      "license": "MIT",
      "peer": true
    },
    "node_modules/cli-table3": {
      "version": "0.6.5",
      "license": "MIT",
      "peer": true,
      "dependencies": {
        "string-width": "^4.2.0"
      },
      "engines": {
        "node": "10.* || >= 12.*"
      },
      "optionalDependencies": {
        "@colors/colors": "1.5.0"
      }
    },
    "node_modules/color-convert": {
      "version": "2.0.1",
      "license": "MIT",
      "peer": true,
      "dependencies": {
        "color-name": "~1.1.4"
      },
      "engines": {
        "node": ">=7.0.0"
      }
    },
    "node_modules/color-name": {
      "version": "1.1.4",
      "license": "MIT",
      "peer": true
    },
    "node_modules/commander": {
      "version": "14.0.3",
      "resolved": "https://registry.npmjs.org/commander/-/commander-14.0.3.tgz",
      "integrity": "sha512-H+y0Jo/T1RZ9qPP4Eh1pkcQcLRglraJaSLoyOtHxu6AapkjWVCy2Sit1QQ4x3Dng8qDlSsZEet7g5Pq06MvTgw==",
      "license": "MIT",
      "peer": true,
      "engines": {
        "node": ">=20"
      }
    },
    "node_modules/date-format": {
      "version": "4.0.14",
      "license": "MIT",
      "engines": {
        "node": ">=4.0"
      }
    },
    "node_modules/debug": {
      "version": "4.4.1",
      "license": "MIT",
      "dependencies": {
        "ms": "^2.1.3"
      },
      "engines": {
        "node": ">=6.0"
      },
      "peerDependenciesMeta": {
        "supports-color": {
          "optional": true
        }
      }
    },
    "node_modules/diff": {
      "version": "4.0.4",
      "resolved": "https://registry.npmjs.org/diff/-/diff-4.0.4.tgz",
      "integrity": "sha512-X07nttJQkwkfKfvTPG/KSnE2OMdcUCao6+eXF3wmnIQRn2aPAHH3VxDbDOdegkd6JbPsXqShpvEOHfAT+nCNwQ==",
      "license": "BSD-3-Clause",
      "peer": true,
      "engines": {
        "node": ">=0.3.1"
      }
    },
    "node_modules/emoji-regex": {
      "version": "8.0.0",
      "license": "MIT",
      "peer": true
    },
    "node_modules/error-stack-parser": {
      "version": "2.1.4",
      "license": "MIT",
      "peer": true,
      "dependencies": {
        "stackframe": "^1.3.4"
      }
    },
    "node_modules/escape-string-regexp": {
      "version": "1.0.5",
      "license": "MIT",
      "peer": true,
      "engines": {
        "node": ">=0.8.0"
      }
    },
    "node_modules/figures": {
      "version": "3.2.0",
      "license": "MIT",
      "peer": true,
      "dependencies": {
        "escape-string-regexp": "^1.0.5"
      },
      "engines": {
        "node": ">=8"
      },
      "funding": {
        "url": "https://github.com/sponsors/sindresorhus"
      }
    },
    "node_modules/find-up-simple": {
      "version": "1.0.1",
      "resolved": "https://registry.npmjs.org/find-up-simple/-/find-up-simple-1.0.1.tgz",
      "integrity": "sha512-afd4O7zpqHeRyg4PfDQsXmlDe2PfdHtJt6Akt8jOWaApLOZk5JXs6VMR29lz03pRe9mpykrRCYIYxaJYcfpncQ==",
      "license": "MIT",
      "peer": true,
      "engines": {
        "node": ">=18"
      },
      "funding": {
        "url": "https://github.com/sponsors/sindresorhus"
      }
    },
    "node_modules/flatted": {
      "version": "3.3.3",
      "license": "ISC"
    },
    "node_modules/fs-extra": {
      "version": "8.1.0",
      "license": "MIT",
      "dependencies": {
        "graceful-fs": "^4.2.0",
        "jsonfile": "^4.0.0",
        "universalify": "^0.1.0"
      },
      "engines": {
        "node": ">=6 <7 || >=8"
      }
    },
    "node_modules/glob": {
      "version": "13.0.6",
      "resolved": "https://registry.npmjs.org/glob/-/glob-13.0.6.tgz",
      "integrity": "sha512-Wjlyrolmm8uDpm/ogGyXZXb1Z+Ca2B8NbJwqBVg0axK9GbBeoS7yGV6vjXnYdGm6X53iehEuxxbyiKp8QmN4Vw==",
      "license": "BlueOak-1.0.0",
      "peer": true,
      "dependencies": {
        "minimatch": "^10.2.2",
        "minipass": "^7.1.3",
        "path-scurry": "^2.0.2"
      },
      "engines": {
        "node": "18 || 20 || >=22"
      },
      "funding": {
        "url": "https://github.com/sponsors/isaacs"
      }
    },
    "node_modules/global-dirs": {
      "version": "3.0.1",
      "license": "MIT",
      "peer": true,
      "dependencies": {
        "ini": "2.0.0"
      },
      "engines": {
        "node": ">=10"
      },
      "funding": {
        "url": "https://github.com/sponsors/sindresorhus"
      }
    },
    "node_modules/graceful-fs": {
      "version": "4.2.11",
      "license": "ISC"
    },
    "node_modules/has-ansi": {
      "version": "4.0.1",
      "license": "MIT",
      "peer": true,
      "dependencies": {
        "ansi-regex": "^4.1.0"
      },
      "engines": {
        "node": ">=8"
      }
    },
    "node_modules/has-flag": {
      "version": "4.0.0",
      "license": "MIT",
      "peer": true,
      "engines": {
        "node": ">=8"
      }
    },
    "node_modules/hosted-git-info": {
      "version": "9.0.2",
      "resolved": "https://registry.npmjs.org/hosted-git-info/-/hosted-git-info-9.0.2.tgz",
      "integrity": "sha512-M422h7o/BR3rmCQ8UHi7cyyMqKltdP9Uo+J2fXK+RSAY+wTcKOIRyhTuKv4qn+DJf3g+PL890AzId5KZpX+CBg==",
      "license": "ISC",
      "peer": true,
      "dependencies": {
        "lru-cache": "^11.1.0"
      },
      "engines": {
        "node": "^20.17.0 || >=22.9.0"
      }
    },
    "node_modules/indent-string": {
      "version": "4.0.0",
      "license": "MIT",
      "peer": true,
      "engines": {
        "node": ">=8"
      }
    },
    "node_modules/index-to-position": {
      "version": "1.2.0",
      "resolved": "https://registry.npmjs.org/index-to-position/-/index-to-position-1.2.0.tgz",
      "integrity": "sha512-Yg7+ztRkqslMAS2iFaU+Oa4KTSidr63OsFGlOrJoW981kIYO3CGCS3wA95P1mUi/IVSJkn0D479KTJpVpvFNuw==",
      "license": "MIT",
      "peer": true,
      "engines": {
        "node": ">=18"
      },
      "funding": {
        "url": "https://github.com/sponsors/sindresorhus"
      }
    },
    "node_modules/ini": {
      "version": "2.0.0",
      "license": "ISC",
      "peer": true,
      "engines": {
        "node": ">=10"
      }
    },
    "node_modules/is-fullwidth-code-point": {
      "version": "3.0.0",
      "license": "MIT",
      "peer": true,
      "engines": {
        "node": ">=8"
      }
    },
    "node_modules/is-installed-globally": {
      "version": "0.4.0",
      "license": "MIT",
      "peer": true,
      "dependencies": {
        "global-dirs": "^3.0.0",
        "is-path-inside": "^3.0.2"
      },
      "engines": {
        "node": ">=10"
      },
      "funding": {
        "url": "https://github.com/sponsors/sindresorhus"
      }
    },
    "node_modules/is-path-inside": {
      "version": "3.0.3",
      "license": "MIT",
      "peer": true,
      "engines": {
        "node": ">=8"
      }
    },
    "node_modules/is-stream": {
      "version": "2.0.1",
      "license": "MIT",
      "peer": true,
      "engines": {
        "node": ">=8"
      },
      "funding": {
        "url": "https://github.com/sponsors/sindresorhus"
      }
    },
    "node_modules/js-tokens": {
      "version": "4.0.0",
      "resolved": "https://registry.npmjs.org/js-tokens/-/js-tokens-4.0.0.tgz",
      "integrity": "sha512-RdJUflcE3cUzKiMqQgsCu06FPu9UdIJO0beYbPhHN4k6apgJtifcoCtT9bcxOpYBtpD2kCM6Sbzg4CausW/PKQ==",
      "license": "MIT",
      "peer": true
    },
    "node_modules/jsonfile": {
      "version": "4.0.0",
      "license": "MIT",
      "optionalDependencies": {
        "graceful-fs": "^4.1.6"
      }
    },
    "node_modules/knuth-shuffle-seeded": {
      "version": "1.0.6",
      "license": "Apache-2.0",
      "peer": true,
      "dependencies": {
        "seed-random": "~2.2.0"
      }
    },
    "node_modules/lodash.merge": {
      "version": "4.6.2",
      "license": "MIT",
      "peer": true
    },
    "node_modules/lodash.mergewith": {
      "version": "4.6.2",
      "license": "MIT",
      "peer": true
    },
    "node_modules/lodash.sortby": {
      "version": "4.7.0",
      "resolved": "https://registry.npmjs.org/lodash.sortby/-/lodash.sortby-4.7.0.tgz",
      "integrity": "sha512-HDWXG8isMntAyRF5vZ7xKuEvOhT4AhlRt/3czTSjvGUxjYCBVRQY48ViDHyfYz9VIoBkW4TMGQNapx+l3RUwdA==",
      "license": "MIT",
      "peer": true
    },
    "node_modules/log4js": {
      "version": "6.9.1",
      "license": "Apache-2.0",
      "dependencies": {
        "date-format": "^4.0.14",
        "debug": "^4.3.4",
        "flatted": "^3.2.7",
        "rfdc": "^1.3.0",
        "streamroller": "^3.1.5"
      },
      "engines": {
        "node": ">=8.0"
      }
    },
    "node_modules/lower-case": {
      "version": "2.0.2",
      "license": "MIT",
      "peer": true,
      "dependencies": {
        "tslib": "^2.0.3"
      }
    },
    "node_modules/lru-cache": {
      "version": "11.2.6",
      "resolved": "https://registry.npmjs.org/lru-cache/-/lru-cache-11.2.6.tgz",
      "integrity": "sha512-ESL2CrkS/2wTPfuend7Zhkzo2u0daGJ/A2VucJOgQ/C48S/zB8MMeMHSGKYpXhIjbPxfuezITkaBH1wqv00DDQ==",
      "license": "BlueOak-1.0.0",
      "peer": true,
      "engines": {
        "node": "20 || >=22"
      }
    },
    "node_modules/luxon": {
      "version": "3.7.2",
      "resolved": "https://registry.npmjs.org/luxon/-/luxon-3.7.2.tgz",
      "integrity": "sha512-vtEhXh/gNjI9Yg1u4jX/0YVPMvxzHuGgCm6tC5kZyb08yjGWGnqAjGJvcXbqQR2P3MyMEFnRbpcdFS6PBcLqew==",
      "license": "MIT",
      "peer": true,
      "engines": {
        "node": ">=12"
      }
    },
    "node_modules/mime": {
      "version": "3.0.0",
      "license": "MIT",
      "peer": true,
      "bin": {
        "mime": "cli.js"
      },
      "engines": {
        "node": ">=10.0.0"
      }
    },
    "node_modules/minimatch": {
      "version": "10.2.4",
      "resolved": "https://registry.npmjs.org/minimatch/-/minimatch-10.2.4.tgz",
      "integrity": "sha512-oRjTw/97aTBN0RHbYCdtF1MQfvusSIBQM0IZEgzl6426+8jSC0nF1a/GmnVLpfB9yyr6g6FTqWqiZVbxrtaCIg==",
      "license": "BlueOak-1.0.0",
      "peer": true,
      "dependencies": {
        "brace-expansion": "^5.0.2"
      },
      "engines": {
        "node": "18 || 20 || >=22"
      },
      "funding": {
        "url": "https://github.com/sponsors/isaacs"
      }
    },
    "node_modules/minipass": {
      "version": "7.1.3",
      "resolved": "https://registry.npmjs.org/minipass/-/minipass-7.1.3.tgz",
      "integrity": "sha512-tEBHqDnIoM/1rXME1zgka9g6Q2lcoCkxHLuc7ODJ5BxbP5d4c2Z5cGgtXAku59200Cx7diuHTOYfSBD8n6mm8A==",
      "license": "BlueOak-1.0.0",
      "peer": true,
      "engines": {
        "node": ">=16 || 14 >=14.17"
      }
    },
    "node_modules/mkdirp": {
      "version": "3.0.1",
      "resolved": "https://registry.npmjs.org/mkdirp/-/mkdirp-3.0.1.tgz",
      "integrity": "sha512-+NsyUUAZDmo6YVHzL/stxSu3t9YS1iljliy3BSDrXJ/dkn1KYdmtZODGGjLcc9XLgVVpH4KshHB8XmZgMhaBXg==",
      "license": "MIT",
      "peer": true,
      "bin": {
        "mkdirp": "dist/cjs/src/bin.js"
      },
      "engines": {
        "node": ">=10"
      },
      "funding": {
        "url": "https://github.com/sponsors/isaacs"
      }
    },
    "node_modules/ms": {
      "version": "2.1.3",
      "license": "MIT"
    },
    "node_modules/mz": {
      "version": "2.7.0",
      "license": "MIT",
      "peer": true,
      "dependencies": {
        "any-promise": "^1.0.0",
        "object-assign": "^4.0.1",
        "thenify-all": "^1.0.0"
      }
    },
    "node_modules/no-case": {
      "version": "3.0.4",
      "license": "MIT",
      "peer": true,
      "dependencies": {
        "lower-case": "^2.0.2",
        "tslib": "^2.0.3"
      }
    },
    "node_modules/normalize-package-data": {
      "version": "8.0.0",
      "resolved": "https://registry.npmjs.org/normalize-package-data/-/normalize-package-data-8.0.0.tgz",
      "integrity": "sha512-RWk+PI433eESQ7ounYxIp67CYuVsS1uYSonX3kA6ps/3LWfjVQa/ptEg6Y3T6uAMq1mWpX9PQ+qx+QaHpsc7gQ==",
      "license": "BSD-2-Clause",
      "peer": true,
      "dependencies": {
        "hosted-git-info": "^9.0.0",
        "semver": "^7.3.5",
        "validate-npm-package-license": "^3.0.4"
      },
      "engines": {
        "node": "^20.17.0 || >=22.9.0"
      }
    },
    "node_modules/object-assign": {
      "version": "4.1.1",
      "license": "MIT",
      "peer": true,
      "engines": {
        "node": ">=0.10.0"
      }
    },
    "node_modules/pad-right": {
      "version": "0.2.2",
      "license": "MIT",
      "peer": true,
      "dependencies": {
        "repeat-string": "^1.5.2"
      },
      "engines": {
        "node": ">=0.10.0"
      }
    },
    "node_modules/parse-json": {
      "version": "8.3.0",
      "resolved": "https://registry.npmjs.org/parse-json/-/parse-json-8.3.0.tgz",
      "integrity": "sha512-ybiGyvspI+fAoRQbIPRddCcSTV9/LsJbf0e/S85VLowVGzRmokfneg2kwVW/KU5rOXrPSbF1qAKPMgNTqqROQQ==",
      "license": "MIT",
      "peer": true,
      "dependencies": {
        "@babel/code-frame": "^7.26.2",
        "index-to-position": "^1.1.0",
        "type-fest": "^4.39.1"
      },
      "engines": {
        "node": ">=18"
      },
      "funding": {
        "url": "https://github.com/sponsors/sindresorhus"
      }
    },
    "node_modules/path-scurry": {
      "version": "2.0.2",
      "resolved": "https://registry.npmjs.org/path-scurry/-/path-scurry-2.0.2.tgz",
      "integrity": "sha512-3O/iVVsJAPsOnpwWIeD+d6z/7PmqApyQePUtCndjatj/9I5LylHvt5qluFaBT3I5h3r1ejfR056c+FCv+NnNXg==",
      "license": "BlueOak-1.0.0",
      "peer": true,
      "dependencies": {
        "lru-cache": "^11.0.0",
        "minipass": "^7.1.2"
      },
      "engines": {
        "node": "18 || 20 || >=22"
      },
      "funding": {
        "url": "https://github.com/sponsors/isaacs"
      }
    },
    "node_modules/picocolors": {
      "version": "1.1.1",
      "resolved": "https://registry.npmjs.org/picocolors/-/picocolors-1.1.1.tgz",
      "integrity": "sha512-xceH2snhtb5M9liqDsmEw56le376mTZkEX/jEb/RxNFyegNul7eNslCXP9FDj/Lcu0X8KEyMceP2ntpaHrDEVA==",
      "license": "ISC",
      "peer": true
    },
    "node_modules/progress": {
      "version": "2.0.3",
      "license": "MIT",
      "peer": true,
      "engines": {
        "node": ">=0.4.0"
      }
    },
    "node_modules/property-expr": {
      "version": "2.0.6",
      "resolved": "https://registry.npmjs.org/property-expr/-/property-expr-2.0.6.tgz",
      "integrity": "sha512-SVtmxhRE/CGkn3eZY1T6pC8Nln6Fr/lu1mKSgRud0eC73whjGfoAogbn78LkD8aFL0zz3bAFerKSnOl7NlErBA==",
      "license": "MIT",
      "peer": true
    },
    "node_modules/read-package-up": {
      "version": "12.0.0",
      "resolved": "https://registry.npmjs.org/read-package-up/-/read-package-up-12.0.0.tgz",
      "integrity": "sha512-Q5hMVBYur/eQNWDdbF4/Wqqr9Bjvtrw2kjGxxBbKLbx8bVCL8gcArjTy8zDUuLGQicftpMuU0riQNcAsbtOVsw==",
      "license": "MIT",
      "peer": true,
      "dependencies": {
        "find-up-simple": "^1.0.1",
        "read-pkg": "^10.0.0",
        "type-fest": "^5.2.0"
      },
      "engines": {
        "node": ">=20"
      },
      "funding": {
        "url": "https://github.com/sponsors/sindresorhus"
      }
    },
    "node_modules/read-package-up/node_modules/type-fest": {
      "version": "5.4.4",
      "resolved": "https://registry.npmjs.org/type-fest/-/type-fest-5.4.4.tgz",
      "integrity": "sha512-JnTrzGu+zPV3aXIUhnyWJj4z/wigMsdYajGLIYakqyOW1nPllzXEJee0QQbHj+CTIQtXGlAjuK0UY+2xTyjVAw==",
      "license": "(MIT OR CC0-1.0)",
      "peer": true,
      "dependencies": {
        "tagged-tag": "^1.0.0"
      },
      "engines": {
        "node": ">=20"
      },
      "funding": {
        "url": "https://github.com/sponsors/sindresorhus"
      }
    },
    "node_modules/read-pkg": {
      "version": "10.1.0",
      "resolved": "https://registry.npmjs.org/read-pkg/-/read-pkg-10.1.0.tgz",
      "integrity": "sha512-I8g2lArQiP78ll51UeMZojewtYgIRCKCWqZEgOO8c/uefTI+XDXvCSXu3+YNUaTNvZzobrL5+SqHjBrByRRTdg==",
      "license": "MIT",
      "peer": true,
      "dependencies": {
        "@types/normalize-package-data": "^2.4.4",
        "normalize-package-data": "^8.0.0",
        "parse-json": "^8.3.0",
        "type-fest": "^5.4.4",
        "unicorn-magic": "^0.4.0"
      },
      "engines": {
        "node": ">=20"
      },
      "funding": {
        "url": "https://github.com/sponsors/sindresorhus"
      }
    },
    "node_modules/read-pkg/node_modules/type-fest": {
      "version": "5.4.4",
      "resolved": "https://registry.npmjs.org/type-fest/-/type-fest-5.4.4.tgz",
      "integrity": "sha512-JnTrzGu+zPV3aXIUhnyWJj4z/wigMsdYajGLIYakqyOW1nPllzXEJee0QQbHj+CTIQtXGlAjuK0UY+2xTyjVAw==",
      "license": "(MIT OR CC0-1.0)",
      "peer": true,
      "dependencies": {
        "tagged-tag": "^1.0.0"
      },
      "engines": {
        "node": ">=20"
      },
      "funding": {
        "url": "https://github.com/sponsors/sindresorhus"
      }
    },
    "node_modules/reflect-metadata": {
      "version": "0.2.2",
      "license": "Apache-2.0",
      "peer": true
    },
    "node_modules/regexp-match-indices": {
      "version": "1.0.2",
      "license": "Apache-2.0",
      "peer": true,
      "dependencies": {
        "regexp-tree": "^0.1.11"
      }
    },
    "node_modules/regexp-tree": {
      "version": "0.1.27",
      "license": "MIT",
      "peer": true,
      "bin": {
        "regexp-tree": "bin/regexp-tree"
      }
    },
    "node_modules/repeat-string": {
      "version": "1.6.1",
      "license": "MIT",
      "peer": true,
      "engines": {
        "node": ">=0.10"
      }
    },
    "node_modules/rfdc": {
      "version": "1.4.1",
      "license": "MIT"
    },
    "node_modules/seed-random": {
      "version": "2.2.0",
      "license": "MIT",
      "peer": true
    },
    "node_modules/semver": {
      "version": "7.7.4",
      "resolved": "https://registry.npmjs.org/semver/-/semver-7.7.4.tgz",
      "integrity": "sha512-vFKC2IEtQnVhpT78h1Yp8wzwrf8CM+MzKMHGJZfBtzhZNycRFnXsHk6E5TxIkkMsgNS7mdX3AGB7x2QM2di4lA==",
      "license": "ISC",
      "peer": true,
      "bin": {
        "semver": "bin/semver.js"
      },
      "engines": {
        "node": ">=10"
      }
    },
    "node_modules/source-map": {
      "version": "0.6.1",
      "license": "BSD-3-Clause",
      "engines": {
        "node": ">=0.10.0"
      }
    },
    "node_modules/source-map-support": {
      "version": "0.5.21",
      "license": "MIT",
      "dependencies": {
        "buffer-from": "^1.0.0",
        "source-map": "^0.6.0"
      }
    },
    "node_modules/spdx-correct": {
      "version": "3.2.0",
      "resolved": "https://registry.npmjs.org/spdx-correct/-/spdx-correct-3.2.0.tgz",
      "integrity": "sha512-kN9dJbvnySHULIluDHy32WHRUu3Og7B9sbY7tsFLctQkIqnMh3hErYgdMjTYuqmcXX+lK5T1lnUt3G7zNswmZA==",
      "license": "Apache-2.0",
      "peer": true,
      "dependencies": {
        "spdx-expression-parse": "^3.0.0",
        "spdx-license-ids": "^3.0.0"
      }
    },
    "node_modules/spdx-exceptions": {
      "version": "2.5.0",
      "resolved": "https://registry.npmjs.org/spdx-exceptions/-/spdx-exceptions-2.5.0.tgz",
      "integrity": "sha512-PiU42r+xO4UbUS1buo3LPJkjlO7430Xn5SVAhdpzzsPHsjbYVflnnFdATgabnLude+Cqu25p6N+g2lw/PFsa4w==",
      "license": "CC-BY-3.0",
      "peer": true
    },
    "node_modules/spdx-expression-parse": {
      "version": "3.0.1",
      "resolved": "https://registry.npmjs.org/spdx-expression-parse/-/spdx-expression-parse-3.0.1.tgz",
      "integrity": "sha512-cbqHunsQWnJNE6KhVSMsMeH5H/L9EpymbzqTQ3uLwNCLZ1Q481oWaofqH7nO6V07xlXwY6PhQdQ2IedWx/ZK4Q==",
      "license": "MIT",
      "peer": true,
      "dependencies": {
        "spdx-exceptions": "^2.1.0",
        "spdx-license-ids": "^3.0.0"
      }
    },
    "node_modules/spdx-license-ids": {
      "version": "3.0.23",
      "resolved": "https://registry.npmjs.org/spdx-license-ids/-/spdx-license-ids-3.0.23.tgz",
      "integrity": "sha512-CWLcCCH7VLu13TgOH+r8p1O/Znwhqv/dbb6lqWy67G+pT1kHmeD/+V36AVb/vq8QMIQwVShJ6Ssl5FPh0fuSdw==",
      "license": "CC0-1.0",
      "peer": true
    },
    "node_modules/stackframe": {
      "version": "1.3.4",
      "license": "MIT",
      "peer": true
    },
    "node_modules/streamroller": {
      "version": "3.1.5",
      "license": "MIT",
      "dependencies": {
        "date-format": "^4.0.14",
        "debug": "^4.3.4",
        "fs-extra": "^8.1.0"
      },
      "engines": {
        "node": ">=8.0"
      }
    },
    "node_modules/string-argv": {
      "version": "0.3.1",
      "license": "MIT",
      "peer": true,
      "engines": {
        "node": ">=0.6.19"
      }
    },
    "node_modules/string-width": {
      "version": "4.2.3",
      "license": "MIT",
      "peer": true,
      "dependencies": {
        "emoji-regex": "^8.0.0",
        "is-fullwidth-code-point": "^3.0.0",
        "strip-ansi": "^6.0.1"
      },
      "engines": {
        "node": ">=8"
      }
    },
    "node_modules/string-width/node_modules/ansi-regex": {
      "version": "5.0.1",
      "license": "MIT",
      "peer": true,
      "engines": {
        "node": ">=8"
      }
    },
    "node_modules/string-width/node_modules/strip-ansi": {
      "version": "6.0.1",
      "license": "MIT",
      "peer": true,
      "dependencies": {
        "ansi-regex": "^5.0.1"
      },
      "engines": {
        "node": ">=8"
      }
    },
    "node_modules/supports-color": {
      "version": "8.1.1",
      "license": "MIT",
      "peer": true,
      "dependencies": {
        "has-flag": "^4.0.0"
      },
      "engines": {
        "node": ">=10"
      },
      "funding": {
        "url": "https://github.com/chalk/supports-color?sponsor=1"
      }
    },
    "node_modules/tagged-tag": {
      "version": "1.0.0",
      "resolved": "https://registry.npmjs.org/tagged-tag/-/tagged-tag-1.0.0.tgz",
      "integrity": "sha512-yEFYrVhod+hdNyx7g5Bnkkb0G6si8HJurOoOEgC8B/O0uXLHlaey/65KRv6cuWBNhBgHKAROVpc7QyYqE5gFng==",
      "license": "MIT",
      "peer": true,
      "engines": {
        "node": ">=20"
      },
      "funding": {
        "url": "https://github.com/sponsors/sindresorhus"
      }
    },
    "node_modules/thenify": {
      "version": "3.3.1",
      "license": "MIT",
      "peer": true,
      "dependencies": {
        "any-promise": "^1.0.0"
      }
    },
    "node_modules/thenify-all": {
      "version": "1.6.0",
      "license": "MIT",
      "peer": true,
      "dependencies": {
        "thenify": ">= 3.1.0 < 4"
      },
      "engines": {
        "node": ">=0.8"
      }
    },
    "node_modules/tiny-case": {
      "version": "1.0.3",
      "resolved": "https://registry.npmjs.org/tiny-case/-/tiny-case-1.0.3.tgz",
      "integrity": "sha512-Eet/eeMhkO6TX8mnUteS9zgPbUMQa4I6Kkp5ORiBD5476/m+PIRiumP5tmh5ioJpH7k51Kehawy2UDfsnxxY8Q==",
      "license": "MIT",
      "peer": true
    },
    "node_modules/toposort": {
      "version": "2.0.2",
      "resolved": "https://registry.npmjs.org/toposort/-/toposort-2.0.2.tgz",
      "integrity": "sha512-0a5EOkAUp8D4moMi2W8ZF8jcga7BgZd91O/yabJCFY8az+XSzeGyTKs0Aoo897iV1Nj6guFq8orWDS96z91oGg==",
      "license": "MIT",
      "peer": true
    },
    "node_modules/ts-dedent": {
      "version": "2.2.0",
      "resolved": "https://registry.npmjs.org/ts-dedent/-/ts-dedent-2.2.0.tgz",
      "integrity": "sha512-q5W7tVM71e2xjHZTlgfTDoPF/SmqKG5hddq9SzR49CH2hayqRKJtQ4mtRlSxKaJlR/+9rEM+mnBHf7I2/BQcpQ==",
      "license": "MIT",
      "peer": true,
      "engines": {
        "node": ">=6.10"
      }
    },
    "node_modules/tslib": {
      "version": "2.8.1",
      "license": "0BSD",
      "peer": true
    },
    "node_modules/type-fest": {
      "version": "4.41.0",
      "resolved": "https://registry.npmjs.org/type-fest/-/type-fest-4.41.0.tgz",
      "integrity": "sha512-TeTSQ6H5YHvpqVwBRcnLDCBnDOHWYu7IvGbHT6N8AOymcr9PJGjc1GTtiWZTYg0NCgYwvnYWEkVChQAr9bjfwA==",
      "license": "(MIT OR CC0-1.0)",
      "peer": true,
      "engines": {
        "node": ">=16"
      },
      "funding": {
        "url": "https://github.com/sponsors/sindresorhus"
      }
    },
    "node_modules/underscore": {
      "version": "1.13.8",
      "license": "MIT"
    },
    "node_modules/unicorn-magic": {
      "version": "0.4.0",
      "resolved": "https://registry.npmjs.org/unicorn-magic/-/unicorn-magic-0.4.0.tgz",
      "integrity": "sha512-wH590V9VNgYH9g3lH9wWjTrUoKsjLF6sGLjhR4sH1LWpLmCOH0Zf7PukhDA8BiS7KHe4oPNkcTHqYkj7SOGUOw==",
      "license": "MIT",
      "peer": true,
      "engines": {
        "node": ">=20"
      },
      "funding": {
        "url": "https://github.com/sponsors/sindresorhus"
      }
    },
    "node_modules/universalify": {
      "version": "0.1.2",
      "license": "MIT",
      "engines": {
        "node": ">= 4.0.0"
      }
    },
    "node_modules/upper-case-first": {
      "version": "2.0.2",
      "license": "MIT",
      "peer": true,
      "dependencies": {
        "tslib": "^2.0.3"
      }
    },
    "node_modules/util-arity": {
      "version": "1.1.0",
      "license": "MIT",
      "peer": true
    },
    "node_modules/validate-npm-package-license": {
      "version": "3.0.4",
      "resolved": "https://registry.npmjs.org/validate-npm-package-license/-/validate-npm-package-license-3.0.4.tgz",
      "integrity": "sha512-DpKm2Ui/xN7/HQKCtpZxoRWBhZ9Z0kqtygG8XCgNQ8ZlDnxuQmWhj566j8fN4Cu3/JmbhsDo7fcAJq4s9h27Ew==",
      "license": "Apache-2.0",
      "peer": true,
      "dependencies": {
        "spdx-correct": "^3.0.0",
        "spdx-expression-parse": "^3.0.0"
      }
    },
    "node_modules/xmlbuilder": {
      "version": "15.1.1",
      "license": "MIT",
      "peer": true,
      "engines": {
        "node": ">=8.0"
      }
    },
    "node_modules/yaml": {
      "version": "2.8.3",
      "resolved": "https://registry.npmjs.org/yaml/-/yaml-2.8.3.tgz",
      "integrity": "sha512-AvbaCLOO2Otw/lW5bmh9d/WEdcDFdQp2Z2ZUH3pX9U2ihyUY0nvLv7J6TrWowklRGPYbB/IuIMfYgxaCPg5Bpg==",
      "license": "ISC",
      "peer": true,
      "bin": {
        "yaml": "bin.mjs"
      },
      "engines": {
        "node": ">= 14.6"
      },
      "funding": {
        "url": "https://github.com/sponsors/eemeli"
      }
    },
    "node_modules/yup": {
      "version": "1.7.1",
      "resolved": "https://registry.npmjs.org/yup/-/yup-1.7.1.tgz",
      "integrity": "sha512-GKHFX2nXul2/4Dtfxhozv701jLQHdf6J34YDh2cEkpqoo8le5Mg6/LrdseVLrFarmFygZTlfIhHx/QKfb/QWXw==",
      "license": "MIT",
      "peer": true,
      "dependencies": {
        "property-expr": "^2.0.5",
        "tiny-case": "^1.0.3",
        "toposort": "^2.0.2",
        "type-fest": "^2.19.0"
      }
    },
    "node_modules/yup/node_modules/type-fest": {
      "version": "2.19.0",
      "resolved": "https://registry.npmjs.org/type-fest/-/type-fest-2.19.0.tgz",
      "integrity": "sha512-RAH822pAdBgcNMAfWnCBU3CFZcfZ/i1eZjwFU/dsLKumyuuP3niueg2UAukXYF0E2AAoc82ZSSf9J0WQBinzHA==",
      "license": "(MIT OR CC0-1.0)",
      "peer": true,
      "engines": {
        "node": ">=12.20"
      },
      "funding": {
        "url": "https://github.com/sponsors/sindresorhus"
      }
    }
  }
}
