{
    "name": "cucumber-tsflow",
    "version": "1.1.2",
    "lockfileVersion": 1,
    "requires": true,
    "dependencies": {
        "babel-polyfill": {
            "version": "6.5.0",
            "resolved": "https://artifactory.cloud.capitalone.com:443/artifactory/api/npm/npm-internalfacing/babel-polyfill/-/babel-polyfill-6.5.0.tgz",
            "integrity": "sha1-ho+PAq0CCB4IepZdLg0/TvjFfMM=",
            "requires": {
                "babel-regenerator-runtime": "^6.3.13",
                "babel-runtime": "^5.0.0",
                "core-js": "^1.0.1"
            }
        },
        "babel-regenerator-runtime": {
            "version": "6.5.0",
            "resolved": "https://artifactory.cloud.capitalone.com:443/artifactory/api/npm/npm-internalfacing/babel-regenerator-runtime/-/babel-regenerator-runtime-6.5.0.tgz",
            "integrity": "sha1-DkHNHJ+ARCRm8BXHSf/4upj44RA="
        },
        "babel-runtime": {
            "version": "5.8.38",
            "resolved": "https://artifactory.cloud.capitalone.com:443/artifactory/api/npm/npm-internalfacing/babel-runtime/-/babel-runtime-5.8.38.tgz",
            "integrity": "sha1-HAsC62MxL18If/IEUIJ7QlydTBk=",
            "requires": {
                "core-js": "^1.0.0"
            }
        },
        "callsite": {
            "version": "1.0.0",
            "resolved": "https://artifactory.cloud.capitalone.com:443/artifactory/api/npm/npm-internalfacing/callsite/-/callsite-1.0.0.tgz",
            "integrity": "sha1-KAOY5dZkvXQDi28JBRU+borxvCA="
        },
        "core-js": {
            "version": "1.2.7",
            "resolved": "https://artifactory.cloud.capitalone.com:443/artifactory/api/npm/npm-internalfacing/core-js/-/core-js-1.2.7.tgz",
            "integrity": "sha1-ZSKUwUZR2yj6k70tX/KYOk8IxjY="
        },
        "underscore": {
            "version": "1.8.3",
            "resolved": "https://artifactory.cloud.capitalone.com:443/artifactory/api/npm/npm-internalfacing/underscore/-/underscore-1.8.3.tgz",
            "integrity": "sha1-Tz+1OxBuYJf8+ctBCfKl6b36UCI="
        }
    }
}
