{
  "name": "cucumber-tsflow",
  "version": "3.2.1",
  "lockfileVersion": 1,
  "requires": true,
  "dependencies": {
    "callsite": {
      "version": "1.0.0",
      "resolved": "https://artifactory.cloud.capitalone.com:443/artifactory/api/npm/npm-internalfacing/callsite/-/callsite-1.0.0.tgz",
      "integrity": "sha1-KAOY5dZkvXQDi28JBRU+borxvCA="
    },
    "underscore": {
      "version": "1.8.3",
      "resolved": "https://artifactory.cloud.capitalone.com:443/artifactory/api/npm/npm-internalfacing/underscore/-/underscore-1.8.3.tgz",
      "integrity": "sha1-Tz+1OxBuYJf8+ctBCfKl6b36UCI="
    }
  }
}
